
Microsoft Visual Studio Solution File, Format Version 12.00
# Visual Studio Version 16
VisualStudioVersion = 16.0.30114.105
MinimumVisualStudioVersion = 10.0.40219.1
Project("{9A19103F-16F7-4668-BE54-9A1E7A4F7556}") = "R5T.X0003", "R5T.X0003\R5T.X0003.csproj", "{16596F5B-7D1D-4113-8BE3-E36600092176}"
EndProject
Project("{2150E333-8FDC-42A3-9474-1A3956D46DE8}") = "_Dependencies", "_Dependencies", "{830A30DD-0507-4DEF-AA76-E9497EB05C0D}"
EndProject
Project("{9A19103F-16F7-4668-BE54-9A1E7A4F7556}") = "R5T.X0003.X002", "R5T.X0003.X002\R5T.X0003.X002.csproj", "{8AD2CAB2-40C6-4ACC-A67B-429AC91F39DA}"
EndProject
Project("{9A19103F-16F7-4668-BE54-9A1E7A4F7556}") = "R5T.T0037", "..\..\R5T.T0037\source\R5T.T0037\R5T.T0037.csproj", "{F8392668-CFEC-4792-9F0E-8DB4E0308D96}"
EndProject
Project("{9A19103F-16F7-4668-BE54-9A1E7A4F7556}") = "R5T.T0036", "..\..\R5T.T0036\source\R5T.T0036\R5T.T0036.csproj", "{69D074D3-45C1-45F1-AA28-DA7641D986CB}"
EndProject
Project("{9A19103F-16F7-4668-BE54-9A1E7A4F7556}") = "R5T.T0034", "..\..\R5T.T0034\source\R5T.T0034\R5T.T0034.csproj", "{A76A5514-BD31-4649-BE9B-D76FAE6BDCE6}"
EndProject
Project("{9A19103F-16F7-4668-BE54-9A1E7A4F7556}") = "R5T.X0003.X003", "R5T.X0003.X003\R5T.X0003.X003.csproj", "{18FAD8F8-4411-4399-A2FC-36D80EBEBE46}"
EndProject
Project("{9A19103F-16F7-4668-BE54-9A1E7A4F7556}") = "R5T.T0037.X0001", "..\..\R5T.T0037.X0001\source\R5T.T0037.X0001\R5T.T0037.X0001.csproj", "{09D7F2D7-A702-4702-A4A5-8A93DD2E513C}"
EndProject
Project("{9A19103F-16F7-4668-BE54-9A1E7A4F7556}") = "R5T.T0040", "..\..\R5T.T0040\source\R5T.T0040\R5T.T0040.csproj", "{FA101DD4-1388-4692-9267-7802AA4CB201}"
EndProject
Project("{9A19103F-16F7-4668-BE54-9A1E7A4F7556}") = "R5T.T0040.X0001", "..\..\R5T.T0040.X0001\source\R5T.T0040.X0001\R5T.T0040.X0001.csproj", "{243D6DEA-3761-4ED8-9847-F40F7E20970A}"
EndProject
Project("{9A19103F-16F7-4668-BE54-9A1E7A4F7556}") = "R5T.T0045.X001", "..\..\R5T.T0045\source\R5T.T0045.X001\R5T.T0045.X001.csproj", "{56C10172-9429-4AA6-A9DE-FB7D81F28F86}"
EndProject
Project("{9A19103F-16F7-4668-BE54-9A1E7A4F7556}") = "R5T.T0034.X009", "..\..\R5T.T0034\source\R5T.T0034.X009\R5T.T0034.X009.csproj", "{F2194B32-2320-44AC-9D6E-CC654701A81A}"
EndProject
Project("{9A19103F-16F7-4668-BE54-9A1E7A4F7556}") = "R5T.T0035.X003", "..\..\R5T.T0035\source\R5T.T0035.X003\R5T.T0035.X003.csproj", "{85F42804-4F4E-4808-B622-2C0EB123B743}"
EndProject
Project("{9A19103F-16F7-4668-BE54-9A1E7A4F7556}") = "R5T.Magyar", "..\..\R5T.Magyar\source\R5T.Magyar\R5T.Magyar.csproj", "{EADA1A5D-3F54-4CE6-B8CC-2A18AEA41382}"
EndProject
Project("{9A19103F-16F7-4668-BE54-9A1E7A4F7556}") = "R5T.T0035", "..\..\R5T.T0035\source\R5T.T0035\R5T.T0035.csproj", "{AC4C15FB-CCC9-4C5A-BC07-E9006427A6F8}"
EndProject
Project("{9A19103F-16F7-4668-BE54-9A1E7A4F7556}") = "R5T.T0039.T002", "..\..\R5T.T0039\source\R5T.T0039.T002\R5T.T0039.T002.csproj", "{0A91D95A-9F80-4582-8968-61B2E9BE61A3}"
EndProject
Project("{9A19103F-16F7-4668-BE54-9A1E7A4F7556}") = "R5T.L0011.T001.X001", "..\..\R5T.L0011\source\R5T.L0011.T001.X001\R5T.L0011.T001.X001.csproj", "{50432079-92F2-45AC-8B33-3F0361DC9310}"
EndProject
Project("{9A19103F-16F7-4668-BE54-9A1E7A4F7556}") = "R5T.L0011.T001", "..\..\R5T.L0011\source\R5T.L0011.T001\R5T.L0011.T001.csproj", "{0797DF9F-41C4-4EDC-B575-3C7884D74557}"
EndProject
Project("{9A19103F-16F7-4668-BE54-9A1E7A4F7556}") = "R5T.L0011.X001", "..\..\R5T.L0011\source\R5T.L0011.X001\R5T.L0011.X001.csproj", "{53847361-C558-4221-817E-208C08F91566}"
EndProject
Project("{9A19103F-16F7-4668-BE54-9A1E7A4F7556}") = "R5T.Magyar.T002", "..\..\R5T.Magyar\source\R5T.Magyar.T002\R5T.Magyar.T002.csproj", "{81E61F40-9D46-4765-82EB-D6AB6346B885}"
EndProject
Project("{9A19103F-16F7-4668-BE54-9A1E7A4F7556}") = "R5T.L0011", "..\..\R5T.L0011\source\R5T.L0011\R5T.L0011.csproj", "{89045487-A534-42A2-BE0D-F575C1D8B4D4}"
EndProject
Project("{9A19103F-16F7-4668-BE54-9A1E7A4F7556}") = "R5T.L0011.T004", "..\..\R5T.L0011\source\R5T.L0011.T004\R5T.L0011.T004.csproj", "{3B83B1F7-6232-491B-93F0-2421EE3DEA79}"
EndProject
Project("{9A19103F-16F7-4668-BE54-9A1E7A4F7556}") = "R5T.L0011.X002", "..\..\R5T.L0011\source\R5T.L0011.X002\R5T.L0011.X002.csproj", "{A46EB570-F12B-4F96-9878-484B20FA8A2A}"
EndProject
Project("{9A19103F-16F7-4668-BE54-9A1E7A4F7556}") = "R5T.T0034.X001", "..\..\R5T.T0034\source\R5T.T0034.X001\R5T.T0034.X001.csproj", "{BED034A2-EB86-409C-92FB-140151EDDC0F}"
EndProject
Project("{9A19103F-16F7-4668-BE54-9A1E7A4F7556}") = "R5T.T0060", "..\..\R5T.T0060\source\R5T.T0060\R5T.T0060.csproj", "{27C84814-57A4-4931-B792-1894C50E4D6B}"
EndProject
Project("{9A19103F-16F7-4668-BE54-9A1E7A4F7556}") = "R5T.L0011.T002.X001", "..\..\R5T.L0011\source\R5T.L0011.T002.X001\R5T.L0011.T002.X001.csproj", "{9C4CE823-76D8-4D88-9D21-B6A917F1EFEB}"
EndProject
Project("{9A19103F-16F7-4668-BE54-9A1E7A4F7556}") = "R5T.L0011.T002", "..\..\R5T.L0011\source\R5T.L0011.T002\R5T.L0011.T002.csproj", "{B8280552-8EF0-4D93-9097-0D8D8FE8FC56}"
EndProject
Project("{9A19103F-16F7-4668-BE54-9A1E7A4F7556}") = "R5T.L0011.T003", "..\..\R5T.L0011\source\R5T.L0011.T003\R5T.L0011.T003.csproj", "{85485C80-BB14-4FE4-B5B7-A0639F57D3D2}"
EndProject
Project("{9A19103F-16F7-4668-BE54-9A1E7A4F7556}") = "R5T.T0034.X004", "..\..\R5T.T0034\source\R5T.T0034.X004\R5T.T0034.X004.csproj", "{7B9D6F18-5AE9-4B13-8E60-C8CB40F71506}"
EndProject
Project("{9A19103F-16F7-4668-BE54-9A1E7A4F7556}") = "R5T.T0034.T001.X001", "..\..\R5T.T0034\source\R5T.T0034.T001.X001\R5T.T0034.T001.X001.csproj", "{38F9AF9F-D770-41DD-9240-314AD7909FB0}"
EndProject
Project("{9A19103F-16F7-4668-BE54-9A1E7A4F7556}") = "R5T.T0034.T001", "..\..\R5T.T0034\source\R5T.T0034.T001\R5T.T0034.T001.csproj", "{0F2C3FE4-F501-416B-A41F-9645B7E6769B}"
EndProject
Project("{9A19103F-16F7-4668-BE54-9A1E7A4F7556}") = "R5T.T0034.T001.X002", "..\..\R5T.T0034\source\R5T.T0034.T001.X002\R5T.T0034.T001.X002.csproj", "{49F263C8-00FA-4604-9579-2298CAA9007E}"
EndProject
Project("{9A19103F-16F7-4668-BE54-9A1E7A4F7556}") = "R5T.T0034.X005", "..\..\R5T.T0034\source\R5T.T0034.X005\R5T.T0034.X005.csproj", "{4D016DCB-338D-4BEF-A79F-EA70EDD2349C}"
EndProject
Project("{9A19103F-16F7-4668-BE54-9A1E7A4F7556}") = "R5T.T0034.X002", "..\..\R5T.T0034\source\R5T.T0034.X002\R5T.T0034.X002.csproj", "{2696BFC8-C23B-4040-914F-F5369ECAA14A}"
EndProject
Project("{9A19103F-16F7-4668-BE54-9A1E7A4F7556}") = "R5T.T0035.T002", "..\..\R5T.T0035\source\R5T.T0035.T002\R5T.T0035.T002.csproj", "{B1A582F3-7DD6-4A7D-9CD9-561310FA19A3}"
EndProject
Project("{9A19103F-16F7-4668-BE54-9A1E7A4F7556}") = "R5T.T0035.X001", "..\..\R5T.T0035\source\R5T.T0035.X001\R5T.T0035.X001.csproj", "{FDD3F132-7AD4-48A7-9182-A7967C9FEF94}"
EndProject
Project("{9A19103F-16F7-4668-BE54-9A1E7A4F7556}") = "R5T.T0035.X002", "..\..\R5T.T0035\source\R5T.T0035.X002\R5T.T0035.X002.csproj", "{FF44F2A9-BB62-4A30-B796-3AA71E364DA5}"
EndProject
Project("{9A19103F-16F7-4668-BE54-9A1E7A4F7556}") = "R5T.T0036.X004", "..\..\R5T.T0036\source\R5T.T0036.X004\R5T.T0036.X004.csproj", "{E8532C27-D0D6-4DE4-B0C9-D41C58AC1CDE}"
EndProject
Project("{9A19103F-16F7-4668-BE54-9A1E7A4F7556}") = "R5T.T0036.X003", "..\..\R5T.T0036\source\R5T.T0036.X003\R5T.T0036.X003.csproj", "{E2D46518-4E3C-41EA-B87B-C1104ADB14E1}"
EndProject
Project("{9A19103F-16F7-4668-BE54-9A1E7A4F7556}") = "R5T.T0036.X005", "..\..\R5T.T0036\source\R5T.T0036.X005\R5T.T0036.X005.csproj", "{3228E7DC-AA72-43AE-8E56-43349AE7A235}"
EndProject
Project("{9A19103F-16F7-4668-BE54-9A1E7A4F7556}") = "R5T.T0034.X011", "..\..\R5T.T0034\source\R5T.T0034.X011\R5T.T0034.X011.csproj", "{5F1CF427-2243-4ADE-BE0F-BE172E1E6399}"
EndProject
Project("{9A19103F-16F7-4668-BE54-9A1E7A4F7556}") = "R5T.T0045", "..\..\R5T.T0045\source\R5T.T0045\R5T.T0045.csproj", "{8290C632-31A3-451D-B18E-8EA1BC08157C}"
EndProject
Project("{9A19103F-16F7-4668-BE54-9A1E7A4F7556}") = "R5T.D0078.T0032", "..\..\R5T.D0078\source\R5T.D0078.T0032\R5T.D0078.T0032.csproj", "{12EFBB12-3B98-410E-B9F4-C9206A9FC70A}"
EndProject
Project("{9A19103F-16F7-4668-BE54-9A1E7A4F7556}") = "R5T.T0032", "..\..\R5T.T0032\source\R5T.T0032\R5T.T0032.csproj", "{E7B19A53-4559-4C00-857F-20D217D849BA}"
EndProject
Project("{9A19103F-16F7-4668-BE54-9A1E7A4F7556}") = "R5T.T0021.X0001", "..\..\R5T.T0021.X0001\source\R5T.T0021.X0001\R5T.T0021.X0001.csproj", "{34AB13FF-AA6A-4D01-AFC3-A73C54CF8B40}"
EndProject
Project("{9A19103F-16F7-4668-BE54-9A1E7A4F7556}") = "R5T.T0021", "..\..\R5T.T0021\source\R5T.T0021\R5T.T0021.csproj", "{C4A6C1AE-082C-4943-AA58-16AA69D5DA7D}"
EndProject
Project("{9A19103F-16F7-4668-BE54-9A1E7A4F7556}") = "R5T.T0021.X002", "..\..\R5T.T0021\source\R5T.T0021.X002\R5T.T0021.X002.csproj", "{7D225EB1-0C5D-4AC8-95A4-747A62201C8C}"
EndProject
Project("{9A19103F-16F7-4668-BE54-9A1E7A4F7556}") = "R5T.T0037.X001", "..\..\R5T.T0037\source\R5T.T0037.X001\R5T.T0037.X001.csproj", "{6CD93F1F-DE3B-4BB9-89B5-BF674544EE7F}"
EndProject
Project("{9A19103F-16F7-4668-BE54-9A1E7A4F7556}") = "R5T.T0037.X002", "..\..\R5T.T0037\source\R5T.T0037.X002\R5T.T0037.X002.csproj", "{7C12DD41-3D80-4217-B0F0-FE5EB45634F4}"
EndProject
Project("{9A19103F-16F7-4668-BE54-9A1E7A4F7556}") = "R5T.T0040.X001", "..\..\R5T.T0040\source\R5T.T0040.X001\R5T.T0040.X001.csproj", "{3602DA5F-0FB4-4DF7-9AE5-C1BBD49AE462}"
EndProject
Project("{9A19103F-16F7-4668-BE54-9A1E7A4F7556}") = "R5T.T0041.X002", "..\..\R5T.T0041\source\R5T.T0041.X002\R5T.T0041.X002.csproj", "{0B2086EF-2761-49B6-8BE3-FC9073901A6B}"
EndProject
Project("{9A19103F-16F7-4668-BE54-9A1E7A4F7556}") = "R5T.Magyar.T002.X000", "..\..\R5T.Magyar\source\R5T.Magyar.T002.X000\R5T.Magyar.T002.X000.csproj", "{8AF9D42B-C1A0-4F43-BD83-C1E4CB29006B}"
EndProject
Project("{9A19103F-16F7-4668-BE54-9A1E7A4F7556}") = "R5T.T0021.X003", "..\..\R5T.T0021\source\R5T.T0021.X003\R5T.T0021.X003.csproj", "{B2CF0A2A-5329-42CD-9209-06490A3EF824}"
EndProject
Project("{9A19103F-16F7-4668-BE54-9A1E7A4F7556}") = "R5T.T0042.X001", "..\..\R5T.T0042\source\R5T.T0042.X001\R5T.T0042.X001.csproj", "{CD32C850-81CE-41F4-AAC8-183DAC310676}"
EndProject
Project("{9A19103F-16F7-4668-BE54-9A1E7A4F7556}") = "R5T.T0042", "..\..\R5T.T0042\source\R5T.T0042\R5T.T0042.csproj", "{7DF38318-7B5E-4AC5-8545-DDED5756C96D}"
EndProject
Project("{9A19103F-16F7-4668-BE54-9A1E7A4F7556}") = "R5T.T0041.X001", "..\..\R5T.T0041\source\R5T.T0041.X001\R5T.T0041.X001.csproj", "{D9F8D0A1-2592-4919-AA94-196B2CBD72C6}"
EndProject
Project("{9A19103F-16F7-4668-BE54-9A1E7A4F7556}") = "R5T.T0041", "..\..\R5T.T0041\source\R5T.T0041\R5T.T0041.csproj", "{04859A88-10C8-4EBA-8903-0C86107BBCC7}"
EndProject
Project("{9A19103F-16F7-4668-BE54-9A1E7A4F7556}") = "R5T.T0044.X001", "..\..\R5T.T0044\source\R5T.T0044.X001\R5T.T0044.X001.csproj", "{4887731D-9C9B-4AA2-8E81-14992717F4EE}"
EndProject
Project("{9A19103F-16F7-4668-BE54-9A1E7A4F7556}") = "R5T.T0044", "..\..\R5T.T0044\source\R5T.T0044\R5T.T0044.csproj", "{E9E82060-784D-48C9-9314-3598E71D219A}"
EndProject
Project("{9A19103F-16F7-4668-BE54-9A1E7A4F7556}") = "R5T.X0003.X004", "R5T.X0003.X004\R5T.X0003.X004.csproj", "{50636F85-9665-42ED-8BC9-7159B56A9742}"
EndProject
Project("{9A19103F-16F7-4668-BE54-9A1E7A4F7556}") = "R5T.T0098", "..\..\R5T.T0098\source\R5T.T0098\R5T.T0098.csproj", "{F1FABED7-1CD1-40ED-B4C9-8233B0391141}"
EndProject
Global
	GlobalSection(SolutionConfigurationPlatforms) = preSolution
		Debug|Any CPU = Debug|Any CPU
		Debug|x64 = Debug|x64
		Debug|x86 = Debug|x86
		Release|Any CPU = Release|Any CPU
		Release|x64 = Release|x64
		Release|x86 = Release|x86
	EndGlobalSection
	GlobalSection(ProjectConfigurationPlatforms) = postSolution
		{16596F5B-7D1D-4113-8BE3-E36600092176}.Debug|Any CPU.ActiveCfg = Debug|Any CPU
		{16596F5B-7D1D-4113-8BE3-E36600092176}.Debug|Any CPU.Build.0 = Debug|Any CPU
		{16596F5B-7D1D-4113-8BE3-E36600092176}.Debug|x64.ActiveCfg = Debug|Any CPU
		{16596F5B-7D1D-4113-8BE3-E36600092176}.Debug|x64.Build.0 = Debug|Any CPU
		{16596F5B-7D1D-4113-8BE3-E36600092176}.Debug|x86.ActiveCfg = Debug|Any CPU
		{16596F5B-7D1D-4113-8BE3-E36600092176}.Debug|x86.Build.0 = Debug|Any CPU
		{16596F5B-7D1D-4113-8BE3-E36600092176}.Release|Any CPU.ActiveCfg = Release|Any CPU
		{16596F5B-7D1D-4113-8BE3-E36600092176}.Release|Any CPU.Build.0 = Release|Any CPU
		{16596F5B-7D1D-4113-8BE3-E36600092176}.Release|x64.ActiveCfg = Release|Any CPU
		{16596F5B-7D1D-4113-8BE3-E36600092176}.Release|x64.Build.0 = Release|Any CPU
		{16596F5B-7D1D-4113-8BE3-E36600092176}.Release|x86.ActiveCfg = Release|Any CPU
		{16596F5B-7D1D-4113-8BE3-E36600092176}.Release|x86.Build.0 = Release|Any CPU
		{8AD2CAB2-40C6-4ACC-A67B-429AC91F39DA}.Debug|Any CPU.ActiveCfg = Debug|Any CPU
		{8AD2CAB2-40C6-4ACC-A67B-429AC91F39DA}.Debug|Any CPU.Build.0 = Debug|Any CPU
		{8AD2CAB2-40C6-4ACC-A67B-429AC91F39DA}.Debug|x64.ActiveCfg = Debug|Any CPU
		{8AD2CAB2-40C6-4ACC-A67B-429AC91F39DA}.Debug|x64.Build.0 = Debug|Any CPU
		{8AD2CAB2-40C6-4ACC-A67B-429AC91F39DA}.Debug|x86.ActiveCfg = Debug|Any CPU
		{8AD2CAB2-40C6-4ACC-A67B-429AC91F39DA}.Debug|x86.Build.0 = Debug|Any CPU
		{8AD2CAB2-40C6-4ACC-A67B-429AC91F39DA}.Release|Any CPU.ActiveCfg = Release|Any CPU
		{8AD2CAB2-40C6-4ACC-A67B-429AC91F39DA}.Release|Any CPU.Build.0 = Release|Any CPU
		{8AD2CAB2-40C6-4ACC-A67B-429AC91F39DA}.Release|x64.ActiveCfg = Release|Any CPU
		{8AD2CAB2-40C6-4ACC-A67B-429AC91F39DA}.Release|x64.Build.0 = Release|Any CPU
		{8AD2CAB2-40C6-4ACC-A67B-429AC91F39DA}.Release|x86.ActiveCfg = Release|Any CPU
		{8AD2CAB2-40C6-4ACC-A67B-429AC91F39DA}.Release|x86.Build.0 = Release|Any CPU
		{F8392668-CFEC-4792-9F0E-8DB4E0308D96}.Debug|Any CPU.ActiveCfg = Debug|Any CPU
		{F8392668-CFEC-4792-9F0E-8DB4E0308D96}.Debug|Any CPU.Build.0 = Debug|Any CPU
		{F8392668-CFEC-4792-9F0E-8DB4E0308D96}.Debug|x64.ActiveCfg = Debug|Any CPU
		{F8392668-CFEC-4792-9F0E-8DB4E0308D96}.Debug|x64.Build.0 = Debug|Any CPU
		{F8392668-CFEC-4792-9F0E-8DB4E0308D96}.Debug|x86.ActiveCfg = Debug|Any CPU
		{F8392668-CFEC-4792-9F0E-8DB4E0308D96}.Debug|x86.Build.0 = Debug|Any CPU
		{F8392668-CFEC-4792-9F0E-8DB4E0308D96}.Release|Any CPU.ActiveCfg = Release|Any CPU
		{F8392668-CFEC-4792-9F0E-8DB4E0308D96}.Release|Any CPU.Build.0 = Release|Any CPU
		{F8392668-CFEC-4792-9F0E-8DB4E0308D96}.Release|x64.ActiveCfg = Release|Any CPU
		{F8392668-CFEC-4792-9F0E-8DB4E0308D96}.Release|x64.Build.0 = Release|Any CPU
		{F8392668-CFEC-4792-9F0E-8DB4E0308D96}.Release|x86.ActiveCfg = Release|Any CPU
		{F8392668-CFEC-4792-9F0E-8DB4E0308D96}.Release|x86.Build.0 = Release|Any CPU
		{69D074D3-45C1-45F1-AA28-DA7641D986CB}.Debug|Any CPU.ActiveCfg = Debug|Any CPU
		{69D074D3-45C1-45F1-AA28-DA7641D986CB}.Debug|Any CPU.Build.0 = Debug|Any CPU
		{69D074D3-45C1-45F1-AA28-DA7641D986CB}.Debug|x64.ActiveCfg = Debug|Any CPU
		{69D074D3-45C1-45F1-AA28-DA7641D986CB}.Debug|x64.Build.0 = Debug|Any CPU
		{69D074D3-45C1-45F1-AA28-DA7641D986CB}.Debug|x86.ActiveCfg = Debug|Any CPU
		{69D074D3-45C1-45F1-AA28-DA7641D986CB}.Debug|x86.Build.0 = Debug|Any CPU
		{69D074D3-45C1-45F1-AA28-DA7641D986CB}.Release|Any CPU.ActiveCfg = Release|Any CPU
		{69D074D3-45C1-45F1-AA28-DA7641D986CB}.Release|Any CPU.Build.0 = Release|Any CPU
		{69D074D3-45C1-45F1-AA28-DA7641D986CB}.Release|x64.ActiveCfg = Release|Any CPU
		{69D074D3-45C1-45F1-AA28-DA7641D986CB}.Release|x64.Build.0 = Release|Any CPU
		{69D074D3-45C1-45F1-AA28-DA7641D986CB}.Release|x86.ActiveCfg = Release|Any CPU
		{69D074D3-45C1-45F1-AA28-DA7641D986CB}.Release|x86.Build.0 = Release|Any CPU
		{A76A5514-BD31-4649-BE9B-D76FAE6BDCE6}.Debug|Any CPU.ActiveCfg = Debug|Any CPU
		{A76A5514-BD31-4649-BE9B-D76FAE6BDCE6}.Debug|Any CPU.Build.0 = Debug|Any CPU
		{A76A5514-BD31-4649-BE9B-D76FAE6BDCE6}.Debug|x64.ActiveCfg = Debug|Any CPU
		{A76A5514-BD31-4649-BE9B-D76FAE6BDCE6}.Debug|x64.Build.0 = Debug|Any CPU
		{A76A5514-BD31-4649-BE9B-D76FAE6BDCE6}.Debug|x86.ActiveCfg = Debug|Any CPU
		{A76A5514-BD31-4649-BE9B-D76FAE6BDCE6}.Debug|x86.Build.0 = Debug|Any CPU
		{A76A5514-BD31-4649-BE9B-D76FAE6BDCE6}.Release|Any CPU.ActiveCfg = Release|Any CPU
		{A76A5514-BD31-4649-BE9B-D76FAE6BDCE6}.Release|Any CPU.Build.0 = Release|Any CPU
		{A76A5514-BD31-4649-BE9B-D76FAE6BDCE6}.Release|x64.ActiveCfg = Release|Any CPU
		{A76A5514-BD31-4649-BE9B-D76FAE6BDCE6}.Release|x64.Build.0 = Release|Any CPU
		{A76A5514-BD31-4649-BE9B-D76FAE6BDCE6}.Release|x86.ActiveCfg = Release|Any CPU
		{A76A5514-BD31-4649-BE9B-D76FAE6BDCE6}.Release|x86.Build.0 = Release|Any CPU
		{18FAD8F8-4411-4399-A2FC-36D80EBEBE46}.Debug|Any CPU.ActiveCfg = Debug|Any CPU
		{18FAD8F8-4411-4399-A2FC-36D80EBEBE46}.Debug|Any CPU.Build.0 = Debug|Any CPU
		{18FAD8F8-4411-4399-A2FC-36D80EBEBE46}.Debug|x64.ActiveCfg = Debug|Any CPU
		{18FAD8F8-4411-4399-A2FC-36D80EBEBE46}.Debug|x64.Build.0 = Debug|Any CPU
		{18FAD8F8-4411-4399-A2FC-36D80EBEBE46}.Debug|x86.ActiveCfg = Debug|Any CPU
		{18FAD8F8-4411-4399-A2FC-36D80EBEBE46}.Debug|x86.Build.0 = Debug|Any CPU
		{18FAD8F8-4411-4399-A2FC-36D80EBEBE46}.Release|Any CPU.ActiveCfg = Release|Any CPU
		{18FAD8F8-4411-4399-A2FC-36D80EBEBE46}.Release|Any CPU.Build.0 = Release|Any CPU
		{18FAD8F8-4411-4399-A2FC-36D80EBEBE46}.Release|x64.ActiveCfg = Release|Any CPU
		{18FAD8F8-4411-4399-A2FC-36D80EBEBE46}.Release|x64.Build.0 = Release|Any CPU
		{18FAD8F8-4411-4399-A2FC-36D80EBEBE46}.Release|x86.ActiveCfg = Release|Any CPU
		{18FAD8F8-4411-4399-A2FC-36D80EBEBE46}.Release|x86.Build.0 = Release|Any CPU
		{09D7F2D7-A702-4702-A4A5-8A93DD2E513C}.Debug|Any CPU.ActiveCfg = Debug|Any CPU
		{09D7F2D7-A702-4702-A4A5-8A93DD2E513C}.Debug|Any CPU.Build.0 = Debug|Any CPU
		{09D7F2D7-A702-4702-A4A5-8A93DD2E513C}.Debug|x64.ActiveCfg = Debug|Any CPU
		{09D7F2D7-A702-4702-A4A5-8A93DD2E513C}.Debug|x64.Build.0 = Debug|Any CPU
		{09D7F2D7-A702-4702-A4A5-8A93DD2E513C}.Debug|x86.ActiveCfg = Debug|Any CPU
		{09D7F2D7-A702-4702-A4A5-8A93DD2E513C}.Debug|x86.Build.0 = Debug|Any CPU
		{09D7F2D7-A702-4702-A4A5-8A93DD2E513C}.Release|Any CPU.ActiveCfg = Release|Any CPU
		{09D7F2D7-A702-4702-A4A5-8A93DD2E513C}.Release|Any CPU.Build.0 = Release|Any CPU
		{09D7F2D7-A702-4702-A4A5-8A93DD2E513C}.Release|x64.ActiveCfg = Release|Any CPU
		{09D7F2D7-A702-4702-A4A5-8A93DD2E513C}.Release|x64.Build.0 = Release|Any CPU
		{09D7F2D7-A702-4702-A4A5-8A93DD2E513C}.Release|x86.ActiveCfg = Release|Any CPU
		{09D7F2D7-A702-4702-A4A5-8A93DD2E513C}.Release|x86.Build.0 = Release|Any CPU
		{FA101DD4-1388-4692-9267-7802AA4CB201}.Debug|Any CPU.ActiveCfg = Debug|Any CPU
		{FA101DD4-1388-4692-9267-7802AA4CB201}.Debug|Any CPU.Build.0 = Debug|Any CPU
		{FA101DD4-1388-4692-9267-7802AA4CB201}.Debug|x64.ActiveCfg = Debug|Any CPU
		{FA101DD4-1388-4692-9267-7802AA4CB201}.Debug|x64.Build.0 = Debug|Any CPU
		{FA101DD4-1388-4692-9267-7802AA4CB201}.Debug|x86.ActiveCfg = Debug|Any CPU
		{FA101DD4-1388-4692-9267-7802AA4CB201}.Debug|x86.Build.0 = Debug|Any CPU
		{FA101DD4-1388-4692-9267-7802AA4CB201}.Release|Any CPU.ActiveCfg = Release|Any CPU
		{FA101DD4-1388-4692-9267-7802AA4CB201}.Release|Any CPU.Build.0 = Release|Any CPU
		{FA101DD4-1388-4692-9267-7802AA4CB201}.Release|x64.ActiveCfg = Release|Any CPU
		{FA101DD4-1388-4692-9267-7802AA4CB201}.Release|x64.Build.0 = Release|Any CPU
		{FA101DD4-1388-4692-9267-7802AA4CB201}.Release|x86.ActiveCfg = Release|Any CPU
		{FA101DD4-1388-4692-9267-7802AA4CB201}.Release|x86.Build.0 = Release|Any CPU
		{243D6DEA-3761-4ED8-9847-F40F7E20970A}.Debug|Any CPU.ActiveCfg = Debug|Any CPU
		{243D6DEA-3761-4ED8-9847-F40F7E20970A}.Debug|Any CPU.Build.0 = Debug|Any CPU
		{243D6DEA-3761-4ED8-9847-F40F7E20970A}.Debug|x64.ActiveCfg = Debug|Any CPU
		{243D6DEA-3761-4ED8-9847-F40F7E20970A}.Debug|x64.Build.0 = Debug|Any CPU
		{243D6DEA-3761-4ED8-9847-F40F7E20970A}.Debug|x86.ActiveCfg = Debug|Any CPU
		{243D6DEA-3761-4ED8-9847-F40F7E20970A}.Debug|x86.Build.0 = Debug|Any CPU
		{243D6DEA-3761-4ED8-9847-F40F7E20970A}.Release|Any CPU.ActiveCfg = Release|Any CPU
		{243D6DEA-3761-4ED8-9847-F40F7E20970A}.Release|Any CPU.Build.0 = Release|Any CPU
		{243D6DEA-3761-4ED8-9847-F40F7E20970A}.Release|x64.ActiveCfg = Release|Any CPU
		{243D6DEA-3761-4ED8-9847-F40F7E20970A}.Release|x64.Build.0 = Release|Any CPU
		{243D6DEA-3761-4ED8-9847-F40F7E20970A}.Release|x86.ActiveCfg = Release|Any CPU
		{243D6DEA-3761-4ED8-9847-F40F7E20970A}.Release|x86.Build.0 = Release|Any CPU
		{56C10172-9429-4AA6-A9DE-FB7D81F28F86}.Debug|Any CPU.ActiveCfg = Debug|Any CPU
		{56C10172-9429-4AA6-A9DE-FB7D81F28F86}.Debug|Any CPU.Build.0 = Debug|Any CPU
		{56C10172-9429-4AA6-A9DE-FB7D81F28F86}.Debug|x64.ActiveCfg = Debug|Any CPU
		{56C10172-9429-4AA6-A9DE-FB7D81F28F86}.Debug|x64.Build.0 = Debug|Any CPU
		{56C10172-9429-4AA6-A9DE-FB7D81F28F86}.Debug|x86.ActiveCfg = Debug|Any CPU
		{56C10172-9429-4AA6-A9DE-FB7D81F28F86}.Debug|x86.Build.0 = Debug|Any CPU
		{56C10172-9429-4AA6-A9DE-FB7D81F28F86}.Release|Any CPU.ActiveCfg = Release|Any CPU
		{56C10172-9429-4AA6-A9DE-FB7D81F28F86}.Release|Any CPU.Build.0 = Release|Any CPU
		{56C10172-9429-4AA6-A9DE-FB7D81F28F86}.Release|x64.ActiveCfg = Release|Any CPU
		{56C10172-9429-4AA6-A9DE-FB7D81F28F86}.Release|x64.Build.0 = Release|Any CPU
		{56C10172-9429-4AA6-A9DE-FB7D81F28F86}.Release|x86.ActiveCfg = Release|Any CPU
		{56C10172-9429-4AA6-A9DE-FB7D81F28F86}.Release|x86.Build.0 = Release|Any CPU
		{F2194B32-2320-44AC-9D6E-CC654701A81A}.Debug|Any CPU.ActiveCfg = Debug|Any CPU
		{F2194B32-2320-44AC-9D6E-CC654701A81A}.Debug|Any CPU.Build.0 = Debug|Any CPU
		{F2194B32-2320-44AC-9D6E-CC654701A81A}.Debug|x64.ActiveCfg = Debug|Any CPU
		{F2194B32-2320-44AC-9D6E-CC654701A81A}.Debug|x64.Build.0 = Debug|Any CPU
		{F2194B32-2320-44AC-9D6E-CC654701A81A}.Debug|x86.ActiveCfg = Debug|Any CPU
		{F2194B32-2320-44AC-9D6E-CC654701A81A}.Debug|x86.Build.0 = Debug|Any CPU
		{F2194B32-2320-44AC-9D6E-CC654701A81A}.Release|Any CPU.ActiveCfg = Release|Any CPU
		{F2194B32-2320-44AC-9D6E-CC654701A81A}.Release|Any CPU.Build.0 = Release|Any CPU
		{F2194B32-2320-44AC-9D6E-CC654701A81A}.Release|x64.ActiveCfg = Release|Any CPU
		{F2194B32-2320-44AC-9D6E-CC654701A81A}.Release|x64.Build.0 = Release|Any CPU
		{F2194B32-2320-44AC-9D6E-CC654701A81A}.Release|x86.ActiveCfg = Release|Any CPU
		{F2194B32-2320-44AC-9D6E-CC654701A81A}.Release|x86.Build.0 = Release|Any CPU
		{85F42804-4F4E-4808-B622-2C0EB123B743}.Debug|Any CPU.ActiveCfg = Debug|Any CPU
		{85F42804-4F4E-4808-B622-2C0EB123B743}.Debug|Any CPU.Build.0 = Debug|Any CPU
		{85F42804-4F4E-4808-B622-2C0EB123B743}.Debug|x64.ActiveCfg = Debug|Any CPU
		{85F42804-4F4E-4808-B622-2C0EB123B743}.Debug|x64.Build.0 = Debug|Any CPU
		{85F42804-4F4E-4808-B622-2C0EB123B743}.Debug|x86.ActiveCfg = Debug|Any CPU
		{85F42804-4F4E-4808-B622-2C0EB123B743}.Debug|x86.Build.0 = Debug|Any CPU
		{85F42804-4F4E-4808-B622-2C0EB123B743}.Release|Any CPU.ActiveCfg = Release|Any CPU
		{85F42804-4F4E-4808-B622-2C0EB123B743}.Release|Any CPU.Build.0 = Release|Any CPU
		{85F42804-4F4E-4808-B622-2C0EB123B743}.Release|x64.ActiveCfg = Release|Any CPU
		{85F42804-4F4E-4808-B622-2C0EB123B743}.Release|x64.Build.0 = Release|Any CPU
		{85F42804-4F4E-4808-B622-2C0EB123B743}.Release|x86.ActiveCfg = Release|Any CPU
		{85F42804-4F4E-4808-B622-2C0EB123B743}.Release|x86.Build.0 = Release|Any CPU
		{EADA1A5D-3F54-4CE6-B8CC-2A18AEA41382}.Debug|Any CPU.ActiveCfg = Debug|Any CPU
		{EADA1A5D-3F54-4CE6-B8CC-2A18AEA41382}.Debug|Any CPU.Build.0 = Debug|Any CPU
		{EADA1A5D-3F54-4CE6-B8CC-2A18AEA41382}.Debug|x64.ActiveCfg = Debug|Any CPU
		{EADA1A5D-3F54-4CE6-B8CC-2A18AEA41382}.Debug|x64.Build.0 = Debug|Any CPU
		{EADA1A5D-3F54-4CE6-B8CC-2A18AEA41382}.Debug|x86.ActiveCfg = Debug|Any CPU
		{EADA1A5D-3F54-4CE6-B8CC-2A18AEA41382}.Debug|x86.Build.0 = Debug|Any CPU
		{EADA1A5D-3F54-4CE6-B8CC-2A18AEA41382}.Release|Any CPU.ActiveCfg = Release|Any CPU
		{EADA1A5D-3F54-4CE6-B8CC-2A18AEA41382}.Release|Any CPU.Build.0 = Release|Any CPU
		{EADA1A5D-3F54-4CE6-B8CC-2A18AEA41382}.Release|x64.ActiveCfg = Release|Any CPU
		{EADA1A5D-3F54-4CE6-B8CC-2A18AEA41382}.Release|x64.Build.0 = Release|Any CPU
		{EADA1A5D-3F54-4CE6-B8CC-2A18AEA41382}.Release|x86.ActiveCfg = Release|Any CPU
		{EADA1A5D-3F54-4CE6-B8CC-2A18AEA41382}.Release|x86.Build.0 = Release|Any CPU
		{AC4C15FB-CCC9-4C5A-BC07-E9006427A6F8}.Debug|Any CPU.ActiveCfg = Debug|Any CPU
		{AC4C15FB-CCC9-4C5A-BC07-E9006427A6F8}.Debug|Any CPU.Build.0 = Debug|Any CPU
		{AC4C15FB-CCC9-4C5A-BC07-E9006427A6F8}.Debug|x64.ActiveCfg = Debug|Any CPU
		{AC4C15FB-CCC9-4C5A-BC07-E9006427A6F8}.Debug|x64.Build.0 = Debug|Any CPU
		{AC4C15FB-CCC9-4C5A-BC07-E9006427A6F8}.Debug|x86.ActiveCfg = Debug|Any CPU
		{AC4C15FB-CCC9-4C5A-BC07-E9006427A6F8}.Debug|x86.Build.0 = Debug|Any CPU
		{AC4C15FB-CCC9-4C5A-BC07-E9006427A6F8}.Release|Any CPU.ActiveCfg = Release|Any CPU
		{AC4C15FB-CCC9-4C5A-BC07-E9006427A6F8}.Release|Any CPU.Build.0 = Release|Any CPU
		{AC4C15FB-CCC9-4C5A-BC07-E9006427A6F8}.Release|x64.ActiveCfg = Release|Any CPU
		{AC4C15FB-CCC9-4C5A-BC07-E9006427A6F8}.Release|x64.Build.0 = Release|Any CPU
		{AC4C15FB-CCC9-4C5A-BC07-E9006427A6F8}.Release|x86.ActiveCfg = Release|Any CPU
		{AC4C15FB-CCC9-4C5A-BC07-E9006427A6F8}.Release|x86.Build.0 = Release|Any CPU
		{0A91D95A-9F80-4582-8968-61B2E9BE61A3}.Debug|Any CPU.ActiveCfg = Debug|Any CPU
		{0A91D95A-9F80-4582-8968-61B2E9BE61A3}.Debug|Any CPU.Build.0 = Debug|Any CPU
		{0A91D95A-9F80-4582-8968-61B2E9BE61A3}.Debug|x64.ActiveCfg = Debug|Any CPU
		{0A91D95A-9F80-4582-8968-61B2E9BE61A3}.Debug|x64.Build.0 = Debug|Any CPU
		{0A91D95A-9F80-4582-8968-61B2E9BE61A3}.Debug|x86.ActiveCfg = Debug|Any CPU
		{0A91D95A-9F80-4582-8968-61B2E9BE61A3}.Debug|x86.Build.0 = Debug|Any CPU
		{0A91D95A-9F80-4582-8968-61B2E9BE61A3}.Release|Any CPU.ActiveCfg = Release|Any CPU
		{0A91D95A-9F80-4582-8968-61B2E9BE61A3}.Release|Any CPU.Build.0 = Release|Any CPU
		{0A91D95A-9F80-4582-8968-61B2E9BE61A3}.Release|x64.ActiveCfg = Release|Any CPU
		{0A91D95A-9F80-4582-8968-61B2E9BE61A3}.Release|x64.Build.0 = Release|Any CPU
		{0A91D95A-9F80-4582-8968-61B2E9BE61A3}.Release|x86.ActiveCfg = Release|Any CPU
		{0A91D95A-9F80-4582-8968-61B2E9BE61A3}.Release|x86.Build.0 = Release|Any CPU
		{50432079-92F2-45AC-8B33-3F0361DC9310}.Debug|Any CPU.ActiveCfg = Debug|Any CPU
		{50432079-92F2-45AC-8B33-3F0361DC9310}.Debug|Any CPU.Build.0 = Debug|Any CPU
		{50432079-92F2-45AC-8B33-3F0361DC9310}.Debug|x64.ActiveCfg = Debug|Any CPU
		{50432079-92F2-45AC-8B33-3F0361DC9310}.Debug|x64.Build.0 = Debug|Any CPU
		{50432079-92F2-45AC-8B33-3F0361DC9310}.Debug|x86.ActiveCfg = Debug|Any CPU
		{50432079-92F2-45AC-8B33-3F0361DC9310}.Debug|x86.Build.0 = Debug|Any CPU
		{50432079-92F2-45AC-8B33-3F0361DC9310}.Release|Any CPU.ActiveCfg = Release|Any CPU
		{50432079-92F2-45AC-8B33-3F0361DC9310}.Release|Any CPU.Build.0 = Release|Any CPU
		{50432079-92F2-45AC-8B33-3F0361DC9310}.Release|x64.ActiveCfg = Release|Any CPU
		{50432079-92F2-45AC-8B33-3F0361DC9310}.Release|x64.Build.0 = Release|Any CPU
		{50432079-92F2-45AC-8B33-3F0361DC9310}.Release|x86.ActiveCfg = Release|Any CPU
		{50432079-92F2-45AC-8B33-3F0361DC9310}.Release|x86.Build.0 = Release|Any CPU
		{0797DF9F-41C4-4EDC-B575-3C7884D74557}.Debug|Any CPU.ActiveCfg = Debug|Any CPU
		{0797DF9F-41C4-4EDC-B575-3C7884D74557}.Debug|Any CPU.Build.0 = Debug|Any CPU
		{0797DF9F-41C4-4EDC-B575-3C7884D74557}.Debug|x64.ActiveCfg = Debug|Any CPU
		{0797DF9F-41C4-4EDC-B575-3C7884D74557}.Debug|x64.Build.0 = Debug|Any CPU
		{0797DF9F-41C4-4EDC-B575-3C7884D74557}.Debug|x86.ActiveCfg = Debug|Any CPU
		{0797DF9F-41C4-4EDC-B575-3C7884D74557}.Debug|x86.Build.0 = Debug|Any CPU
		{0797DF9F-41C4-4EDC-B575-3C7884D74557}.Release|Any CPU.ActiveCfg = Release|Any CPU
		{0797DF9F-41C4-4EDC-B575-3C7884D74557}.Release|Any CPU.Build.0 = Release|Any CPU
		{0797DF9F-41C4-4EDC-B575-3C7884D74557}.Release|x64.ActiveCfg = Release|Any CPU
		{0797DF9F-41C4-4EDC-B575-3C7884D74557}.Release|x64.Build.0 = Release|Any CPU
		{0797DF9F-41C4-4EDC-B575-3C7884D74557}.Release|x86.ActiveCfg = Release|Any CPU
		{0797DF9F-41C4-4EDC-B575-3C7884D74557}.Release|x86.Build.0 = Release|Any CPU
		{53847361-C558-4221-817E-208C08F91566}.Debug|Any CPU.ActiveCfg = Debug|Any CPU
		{53847361-C558-4221-817E-208C08F91566}.Debug|Any CPU.Build.0 = Debug|Any CPU
		{53847361-C558-4221-817E-208C08F91566}.Debug|x64.ActiveCfg = Debug|Any CPU
		{53847361-C558-4221-817E-208C08F91566}.Debug|x64.Build.0 = Debug|Any CPU
		{53847361-C558-4221-817E-208C08F91566}.Debug|x86.ActiveCfg = Debug|Any CPU
		{53847361-C558-4221-817E-208C08F91566}.Debug|x86.Build.0 = Debug|Any CPU
		{53847361-C558-4221-817E-208C08F91566}.Release|Any CPU.ActiveCfg = Release|Any CPU
		{53847361-C558-4221-817E-208C08F91566}.Release|Any CPU.Build.0 = Release|Any CPU
		{53847361-C558-4221-817E-208C08F91566}.Release|x64.ActiveCfg = Release|Any CPU
		{53847361-C558-4221-817E-208C08F91566}.Release|x64.Build.0 = Release|Any CPU
		{53847361-C558-4221-817E-208C08F91566}.Release|x86.ActiveCfg = Release|Any CPU
		{53847361-C558-4221-817E-208C08F91566}.Release|x86.Build.0 = Release|Any CPU
		{81E61F40-9D46-4765-82EB-D6AB6346B885}.Debug|Any CPU.ActiveCfg = Debug|Any CPU
		{81E61F40-9D46-4765-82EB-D6AB6346B885}.Debug|Any CPU.Build.0 = Debug|Any CPU
		{81E61F40-9D46-4765-82EB-D6AB6346B885}.Debug|x64.ActiveCfg = Debug|Any CPU
		{81E61F40-9D46-4765-82EB-D6AB6346B885}.Debug|x64.Build.0 = Debug|Any CPU
		{81E61F40-9D46-4765-82EB-D6AB6346B885}.Debug|x86.ActiveCfg = Debug|Any CPU
		{81E61F40-9D46-4765-82EB-D6AB6346B885}.Debug|x86.Build.0 = Debug|Any CPU
		{81E61F40-9D46-4765-82EB-D6AB6346B885}.Release|Any CPU.ActiveCfg = Release|Any CPU
		{81E61F40-9D46-4765-82EB-D6AB6346B885}.Release|Any CPU.Build.0 = Release|Any CPU
		{81E61F40-9D46-4765-82EB-D6AB6346B885}.Release|x64.ActiveCfg = Release|Any CPU
		{81E61F40-9D46-4765-82EB-D6AB6346B885}.Release|x64.Build.0 = Release|Any CPU
		{81E61F40-9D46-4765-82EB-D6AB6346B885}.Release|x86.ActiveCfg = Release|Any CPU
		{81E61F40-9D46-4765-82EB-D6AB6346B885}.Release|x86.Build.0 = Release|Any CPU
		{89045487-A534-42A2-BE0D-F575C1D8B4D4}.Debug|Any CPU.ActiveCfg = Debug|Any CPU
		{89045487-A534-42A2-BE0D-F575C1D8B4D4}.Debug|Any CPU.Build.0 = Debug|Any CPU
		{89045487-A534-42A2-BE0D-F575C1D8B4D4}.Debug|x64.ActiveCfg = Debug|Any CPU
		{89045487-A534-42A2-BE0D-F575C1D8B4D4}.Debug|x64.Build.0 = Debug|Any CPU
		{89045487-A534-42A2-BE0D-F575C1D8B4D4}.Debug|x86.ActiveCfg = Debug|Any CPU
		{89045487-A534-42A2-BE0D-F575C1D8B4D4}.Debug|x86.Build.0 = Debug|Any CPU
		{89045487-A534-42A2-BE0D-F575C1D8B4D4}.Release|Any CPU.ActiveCfg = Release|Any CPU
		{89045487-A534-42A2-BE0D-F575C1D8B4D4}.Release|Any CPU.Build.0 = Release|Any CPU
		{89045487-A534-42A2-BE0D-F575C1D8B4D4}.Release|x64.ActiveCfg = Release|Any CPU
		{89045487-A534-42A2-BE0D-F575C1D8B4D4}.Release|x64.Build.0 = Release|Any CPU
		{89045487-A534-42A2-BE0D-F575C1D8B4D4}.Release|x86.ActiveCfg = Release|Any CPU
		{89045487-A534-42A2-BE0D-F575C1D8B4D4}.Release|x86.Build.0 = Release|Any CPU
		{3B83B1F7-6232-491B-93F0-2421EE3DEA79}.Debug|Any CPU.ActiveCfg = Debug|Any CPU
		{3B83B1F7-6232-491B-93F0-2421EE3DEA79}.Debug|Any CPU.Build.0 = Debug|Any CPU
		{3B83B1F7-6232-491B-93F0-2421EE3DEA79}.Debug|x64.ActiveCfg = Debug|Any CPU
		{3B83B1F7-6232-491B-93F0-2421EE3DEA79}.Debug|x64.Build.0 = Debug|Any CPU
		{3B83B1F7-6232-491B-93F0-2421EE3DEA79}.Debug|x86.ActiveCfg = Debug|Any CPU
		{3B83B1F7-6232-491B-93F0-2421EE3DEA79}.Debug|x86.Build.0 = Debug|Any CPU
		{3B83B1F7-6232-491B-93F0-2421EE3DEA79}.Release|Any CPU.ActiveCfg = Release|Any CPU
		{3B83B1F7-6232-491B-93F0-2421EE3DEA79}.Release|Any CPU.Build.0 = Release|Any CPU
		{3B83B1F7-6232-491B-93F0-2421EE3DEA79}.Release|x64.ActiveCfg = Release|Any CPU
		{3B83B1F7-6232-491B-93F0-2421EE3DEA79}.Release|x64.Build.0 = Release|Any CPU
		{3B83B1F7-6232-491B-93F0-2421EE3DEA79}.Release|x86.ActiveCfg = Release|Any CPU
		{3B83B1F7-6232-491B-93F0-2421EE3DEA79}.Release|x86.Build.0 = Release|Any CPU
		{A46EB570-F12B-4F96-9878-484B20FA8A2A}.Debug|Any CPU.ActiveCfg = Debug|Any CPU
		{A46EB570-F12B-4F96-9878-484B20FA8A2A}.Debug|Any CPU.Build.0 = Debug|Any CPU
		{A46EB570-F12B-4F96-9878-484B20FA8A2A}.Debug|x64.ActiveCfg = Debug|Any CPU
		{A46EB570-F12B-4F96-9878-484B20FA8A2A}.Debug|x64.Build.0 = Debug|Any CPU
		{A46EB570-F12B-4F96-9878-484B20FA8A2A}.Debug|x86.ActiveCfg = Debug|Any CPU
		{A46EB570-F12B-4F96-9878-484B20FA8A2A}.Debug|x86.Build.0 = Debug|Any CPU
		{A46EB570-F12B-4F96-9878-484B20FA8A2A}.Release|Any CPU.ActiveCfg = Release|Any CPU
		{A46EB570-F12B-4F96-9878-484B20FA8A2A}.Release|Any CPU.Build.0 = Release|Any CPU
		{A46EB570-F12B-4F96-9878-484B20FA8A2A}.Release|x64.ActiveCfg = Release|Any CPU
		{A46EB570-F12B-4F96-9878-484B20FA8A2A}.Release|x64.Build.0 = Release|Any CPU
		{A46EB570-F12B-4F96-9878-484B20FA8A2A}.Release|x86.ActiveCfg = Release|Any CPU
		{A46EB570-F12B-4F96-9878-484B20FA8A2A}.Release|x86.Build.0 = Release|Any CPU
		{BED034A2-EB86-409C-92FB-140151EDDC0F}.Debug|Any CPU.ActiveCfg = Debug|Any CPU
		{BED034A2-EB86-409C-92FB-140151EDDC0F}.Debug|Any CPU.Build.0 = Debug|Any CPU
		{BED034A2-EB86-409C-92FB-140151EDDC0F}.Debug|x64.ActiveCfg = Debug|Any CPU
		{BED034A2-EB86-409C-92FB-140151EDDC0F}.Debug|x64.Build.0 = Debug|Any CPU
		{BED034A2-EB86-409C-92FB-140151EDDC0F}.Debug|x86.ActiveCfg = Debug|Any CPU
		{BED034A2-EB86-409C-92FB-140151EDDC0F}.Debug|x86.Build.0 = Debug|Any CPU
		{BED034A2-EB86-409C-92FB-140151EDDC0F}.Release|Any CPU.ActiveCfg = Release|Any CPU
		{BED034A2-EB86-409C-92FB-140151EDDC0F}.Release|Any CPU.Build.0 = Release|Any CPU
		{BED034A2-EB86-409C-92FB-140151EDDC0F}.Release|x64.ActiveCfg = Release|Any CPU
		{BED034A2-EB86-409C-92FB-140151EDDC0F}.Release|x64.Build.0 = Release|Any CPU
		{BED034A2-EB86-409C-92FB-140151EDDC0F}.Release|x86.ActiveCfg = Release|Any CPU
		{BED034A2-EB86-409C-92FB-140151EDDC0F}.Release|x86.Build.0 = Release|Any CPU
		{27C84814-57A4-4931-B792-1894C50E4D6B}.Debug|Any CPU.ActiveCfg = Debug|Any CPU
		{27C84814-57A4-4931-B792-1894C50E4D6B}.Debug|Any CPU.Build.0 = Debug|Any CPU
		{27C84814-57A4-4931-B792-1894C50E4D6B}.Debug|x64.ActiveCfg = Debug|Any CPU
		{27C84814-57A4-4931-B792-1894C50E4D6B}.Debug|x64.Build.0 = Debug|Any CPU
		{27C84814-57A4-4931-B792-1894C50E4D6B}.Debug|x86.ActiveCfg = Debug|Any CPU
		{27C84814-57A4-4931-B792-1894C50E4D6B}.Debug|x86.Build.0 = Debug|Any CPU
		{27C84814-57A4-4931-B792-1894C50E4D6B}.Release|Any CPU.ActiveCfg = Release|Any CPU
		{27C84814-57A4-4931-B792-1894C50E4D6B}.Release|Any CPU.Build.0 = Release|Any CPU
		{27C84814-57A4-4931-B792-1894C50E4D6B}.Release|x64.ActiveCfg = Release|Any CPU
		{27C84814-57A4-4931-B792-1894C50E4D6B}.Release|x64.Build.0 = Release|Any CPU
		{27C84814-57A4-4931-B792-1894C50E4D6B}.Release|x86.ActiveCfg = Release|Any CPU
		{27C84814-57A4-4931-B792-1894C50E4D6B}.Release|x86.Build.0 = Release|Any CPU
		{9C4CE823-76D8-4D88-9D21-B6A917F1EFEB}.Debug|Any CPU.ActiveCfg = Debug|Any CPU
		{9C4CE823-76D8-4D88-9D21-B6A917F1EFEB}.Debug|Any CPU.Build.0 = Debug|Any CPU
		{9C4CE823-76D8-4D88-9D21-B6A917F1EFEB}.Debug|x64.ActiveCfg = Debug|Any CPU
		{9C4CE823-76D8-4D88-9D21-B6A917F1EFEB}.Debug|x64.Build.0 = Debug|Any CPU
		{9C4CE823-76D8-4D88-9D21-B6A917F1EFEB}.Debug|x86.ActiveCfg = Debug|Any CPU
		{9C4CE823-76D8-4D88-9D21-B6A917F1EFEB}.Debug|x86.Build.0 = Debug|Any CPU
		{9C4CE823-76D8-4D88-9D21-B6A917F1EFEB}.Release|Any CPU.ActiveCfg = Release|Any CPU
		{9C4CE823-76D8-4D88-9D21-B6A917F1EFEB}.Release|Any CPU.Build.0 = Release|Any CPU
		{9C4CE823-76D8-4D88-9D21-B6A917F1EFEB}.Release|x64.ActiveCfg = Release|Any CPU
		{9C4CE823-76D8-4D88-9D21-B6A917F1EFEB}.Release|x64.Build.0 = Release|Any CPU
		{9C4CE823-76D8-4D88-9D21-B6A917F1EFEB}.Release|x86.ActiveCfg = Release|Any CPU
		{9C4CE823-76D8-4D88-9D21-B6A917F1EFEB}.Release|x86.Build.0 = Release|Any CPU
		{B8280552-8EF0-4D93-9097-0D8D8FE8FC56}.Debug|Any CPU.ActiveCfg = Debug|Any CPU
		{B8280552-8EF0-4D93-9097-0D8D8FE8FC56}.Debug|Any CPU.Build.0 = Debug|Any CPU
		{B8280552-8EF0-4D93-9097-0D8D8FE8FC56}.Debug|x64.ActiveCfg = Debug|Any CPU
		{B8280552-8EF0-4D93-9097-0D8D8FE8FC56}.Debug|x64.Build.0 = Debug|Any CPU
		{B8280552-8EF0-4D93-9097-0D8D8FE8FC56}.Debug|x86.ActiveCfg = Debug|Any CPU
		{B8280552-8EF0-4D93-9097-0D8D8FE8FC56}.Debug|x86.Build.0 = Debug|Any CPU
		{B8280552-8EF0-4D93-9097-0D8D8FE8FC56}.Release|Any CPU.ActiveCfg = Release|Any CPU
		{B8280552-8EF0-4D93-9097-0D8D8FE8FC56}.Release|Any CPU.Build.0 = Release|Any CPU
		{B8280552-8EF0-4D93-9097-0D8D8FE8FC56}.Release|x64.ActiveCfg = Release|Any CPU
		{B8280552-8EF0-4D93-9097-0D8D8FE8FC56}.Release|x64.Build.0 = Release|Any CPU
		{B8280552-8EF0-4D93-9097-0D8D8FE8FC56}.Release|x86.ActiveCfg = Release|Any CPU
		{B8280552-8EF0-4D93-9097-0D8D8FE8FC56}.Release|x86.Build.0 = Release|Any CPU
		{85485C80-BB14-4FE4-B5B7-A0639F57D3D2}.Debug|Any CPU.ActiveCfg = Debug|Any CPU
		{85485C80-BB14-4FE4-B5B7-A0639F57D3D2}.Debug|Any CPU.Build.0 = Debug|Any CPU
		{85485C80-BB14-4FE4-B5B7-A0639F57D3D2}.Debug|x64.ActiveCfg = Debug|Any CPU
		{85485C80-BB14-4FE4-B5B7-A0639F57D3D2}.Debug|x64.Build.0 = Debug|Any CPU
		{85485C80-BB14-4FE4-B5B7-A0639F57D3D2}.Debug|x86.ActiveCfg = Debug|Any CPU
		{85485C80-BB14-4FE4-B5B7-A0639F57D3D2}.Debug|x86.Build.0 = Debug|Any CPU
		{85485C80-BB14-4FE4-B5B7-A0639F57D3D2}.Release|Any CPU.ActiveCfg = Release|Any CPU
		{85485C80-BB14-4FE4-B5B7-A0639F57D3D2}.Release|Any CPU.Build.0 = Release|Any CPU
		{85485C80-BB14-4FE4-B5B7-A0639F57D3D2}.Release|x64.ActiveCfg = Release|Any CPU
		{85485C80-BB14-4FE4-B5B7-A0639F57D3D2}.Release|x64.Build.0 = Release|Any CPU
		{85485C80-BB14-4FE4-B5B7-A0639F57D3D2}.Release|x86.ActiveCfg = Release|Any CPU
		{85485C80-BB14-4FE4-B5B7-A0639F57D3D2}.Release|x86.Build.0 = Release|Any CPU
		{7B9D6F18-5AE9-4B13-8E60-C8CB40F71506}.Debug|Any CPU.ActiveCfg = Debug|Any CPU
		{7B9D6F18-5AE9-4B13-8E60-C8CB40F71506}.Debug|Any CPU.Build.0 = Debug|Any CPU
		{7B9D6F18-5AE9-4B13-8E60-C8CB40F71506}.Debug|x64.ActiveCfg = Debug|Any CPU
		{7B9D6F18-5AE9-4B13-8E60-C8CB40F71506}.Debug|x64.Build.0 = Debug|Any CPU
		{7B9D6F18-5AE9-4B13-8E60-C8CB40F71506}.Debug|x86.ActiveCfg = Debug|Any CPU
		{7B9D6F18-5AE9-4B13-8E60-C8CB40F71506}.Debug|x86.Build.0 = Debug|Any CPU
		{7B9D6F18-5AE9-4B13-8E60-C8CB40F71506}.Release|Any CPU.ActiveCfg = Release|Any CPU
		{7B9D6F18-5AE9-4B13-8E60-C8CB40F71506}.Release|Any CPU.Build.0 = Release|Any CPU
		{7B9D6F18-5AE9-4B13-8E60-C8CB40F71506}.Release|x64.ActiveCfg = Release|Any CPU
		{7B9D6F18-5AE9-4B13-8E60-C8CB40F71506}.Release|x64.Build.0 = Release|Any CPU
		{7B9D6F18-5AE9-4B13-8E60-C8CB40F71506}.Release|x86.ActiveCfg = Release|Any CPU
		{7B9D6F18-5AE9-4B13-8E60-C8CB40F71506}.Release|x86.Build.0 = Release|Any CPU
		{38F9AF9F-D770-41DD-9240-314AD7909FB0}.Debug|Any CPU.ActiveCfg = Debug|Any CPU
		{38F9AF9F-D770-41DD-9240-314AD7909FB0}.Debug|Any CPU.Build.0 = Debug|Any CPU
		{38F9AF9F-D770-41DD-9240-314AD7909FB0}.Debug|x64.ActiveCfg = Debug|Any CPU
		{38F9AF9F-D770-41DD-9240-314AD7909FB0}.Debug|x64.Build.0 = Debug|Any CPU
		{38F9AF9F-D770-41DD-9240-314AD7909FB0}.Debug|x86.ActiveCfg = Debug|Any CPU
		{38F9AF9F-D770-41DD-9240-314AD7909FB0}.Debug|x86.Build.0 = Debug|Any CPU
		{38F9AF9F-D770-41DD-9240-314AD7909FB0}.Release|Any CPU.ActiveCfg = Release|Any CPU
		{38F9AF9F-D770-41DD-9240-314AD7909FB0}.Release|Any CPU.Build.0 = Release|Any CPU
		{38F9AF9F-D770-41DD-9240-314AD7909FB0}.Release|x64.ActiveCfg = Release|Any CPU
		{38F9AF9F-D770-41DD-9240-314AD7909FB0}.Release|x64.Build.0 = Release|Any CPU
		{38F9AF9F-D770-41DD-9240-314AD7909FB0}.Release|x86.ActiveCfg = Release|Any CPU
		{38F9AF9F-D770-41DD-9240-314AD7909FB0}.Release|x86.Build.0 = Release|Any CPU
		{0F2C3FE4-F501-416B-A41F-9645B7E6769B}.Debug|Any CPU.ActiveCfg = Debug|Any CPU
		{0F2C3FE4-F501-416B-A41F-9645B7E6769B}.Debug|Any CPU.Build.0 = Debug|Any CPU
		{0F2C3FE4-F501-416B-A41F-9645B7E6769B}.Debug|x64.ActiveCfg = Debug|Any CPU
		{0F2C3FE4-F501-416B-A41F-9645B7E6769B}.Debug|x64.Build.0 = Debug|Any CPU
		{0F2C3FE4-F501-416B-A41F-9645B7E6769B}.Debug|x86.ActiveCfg = Debug|Any CPU
		{0F2C3FE4-F501-416B-A41F-9645B7E6769B}.Debug|x86.Build.0 = Debug|Any CPU
		{0F2C3FE4-F501-416B-A41F-9645B7E6769B}.Release|Any CPU.ActiveCfg = Release|Any CPU
		{0F2C3FE4-F501-416B-A41F-9645B7E6769B}.Release|Any CPU.Build.0 = Release|Any CPU
		{0F2C3FE4-F501-416B-A41F-9645B7E6769B}.Release|x64.ActiveCfg = Release|Any CPU
		{0F2C3FE4-F501-416B-A41F-9645B7E6769B}.Release|x64.Build.0 = Release|Any CPU
		{0F2C3FE4-F501-416B-A41F-9645B7E6769B}.Release|x86.ActiveCfg = Release|Any CPU
		{0F2C3FE4-F501-416B-A41F-9645B7E6769B}.Release|x86.Build.0 = Release|Any CPU
		{49F263C8-00FA-4604-9579-2298CAA9007E}.Debug|Any CPU.ActiveCfg = Debug|Any CPU
		{49F263C8-00FA-4604-9579-2298CAA9007E}.Debug|Any CPU.Build.0 = Debug|Any CPU
		{49F263C8-00FA-4604-9579-2298CAA9007E}.Debug|x64.ActiveCfg = Debug|Any CPU
		{49F263C8-00FA-4604-9579-2298CAA9007E}.Debug|x64.Build.0 = Debug|Any CPU
		{49F263C8-00FA-4604-9579-2298CAA9007E}.Debug|x86.ActiveCfg = Debug|Any CPU
		{49F263C8-00FA-4604-9579-2298CAA9007E}.Debug|x86.Build.0 = Debug|Any CPU
		{49F263C8-00FA-4604-9579-2298CAA9007E}.Release|Any CPU.ActiveCfg = Release|Any CPU
		{49F263C8-00FA-4604-9579-2298CAA9007E}.Release|Any CPU.Build.0 = Release|Any CPU
		{49F263C8-00FA-4604-9579-2298CAA9007E}.Release|x64.ActiveCfg = Release|Any CPU
		{49F263C8-00FA-4604-9579-2298CAA9007E}.Release|x64.Build.0 = Release|Any CPU
		{49F263C8-00FA-4604-9579-2298CAA9007E}.Release|x86.ActiveCfg = Release|Any CPU
		{49F263C8-00FA-4604-9579-2298CAA9007E}.Release|x86.Build.0 = Release|Any CPU
		{4D016DCB-338D-4BEF-A79F-EA70EDD2349C}.Debug|Any CPU.ActiveCfg = Debug|Any CPU
		{4D016DCB-338D-4BEF-A79F-EA70EDD2349C}.Debug|Any CPU.Build.0 = Debug|Any CPU
		{4D016DCB-338D-4BEF-A79F-EA70EDD2349C}.Debug|x64.ActiveCfg = Debug|Any CPU
		{4D016DCB-338D-4BEF-A79F-EA70EDD2349C}.Debug|x64.Build.0 = Debug|Any CPU
		{4D016DCB-338D-4BEF-A79F-EA70EDD2349C}.Debug|x86.ActiveCfg = Debug|Any CPU
		{4D016DCB-338D-4BEF-A79F-EA70EDD2349C}.Debug|x86.Build.0 = Debug|Any CPU
		{4D016DCB-338D-4BEF-A79F-EA70EDD2349C}.Release|Any CPU.ActiveCfg = Release|Any CPU
		{4D016DCB-338D-4BEF-A79F-EA70EDD2349C}.Release|Any CPU.Build.0 = Release|Any CPU
		{4D016DCB-338D-4BEF-A79F-EA70EDD2349C}.Release|x64.ActiveCfg = Release|Any CPU
		{4D016DCB-338D-4BEF-A79F-EA70EDD2349C}.Release|x64.Build.0 = Release|Any CPU
		{4D016DCB-338D-4BEF-A79F-EA70EDD2349C}.Release|x86.ActiveCfg = Release|Any CPU
		{4D016DCB-338D-4BEF-A79F-EA70EDD2349C}.Release|x86.Build.0 = Release|Any CPU
		{2696BFC8-C23B-4040-914F-F5369ECAA14A}.Debug|Any CPU.ActiveCfg = Debug|Any CPU
		{2696BFC8-C23B-4040-914F-F5369ECAA14A}.Debug|Any CPU.Build.0 = Debug|Any CPU
		{2696BFC8-C23B-4040-914F-F5369ECAA14A}.Debug|x64.ActiveCfg = Debug|Any CPU
		{2696BFC8-C23B-4040-914F-F5369ECAA14A}.Debug|x64.Build.0 = Debug|Any CPU
		{2696BFC8-C23B-4040-914F-F5369ECAA14A}.Debug|x86.ActiveCfg = Debug|Any CPU
		{2696BFC8-C23B-4040-914F-F5369ECAA14A}.Debug|x86.Build.0 = Debug|Any CPU
		{2696BFC8-C23B-4040-914F-F5369ECAA14A}.Release|Any CPU.ActiveCfg = Release|Any CPU
		{2696BFC8-C23B-4040-914F-F5369ECAA14A}.Release|Any CPU.Build.0 = Release|Any CPU
		{2696BFC8-C23B-4040-914F-F5369ECAA14A}.Release|x64.ActiveCfg = Release|Any CPU
		{2696BFC8-C23B-4040-914F-F5369ECAA14A}.Release|x64.Build.0 = Release|Any CPU
		{2696BFC8-C23B-4040-914F-F5369ECAA14A}.Release|x86.ActiveCfg = Release|Any CPU
		{2696BFC8-C23B-4040-914F-F5369ECAA14A}.Release|x86.Build.0 = Release|Any CPU
		{B1A582F3-7DD6-4A7D-9CD9-561310FA19A3}.Debug|Any CPU.ActiveCfg = Debug|Any CPU
		{B1A582F3-7DD6-4A7D-9CD9-561310FA19A3}.Debug|Any CPU.Build.0 = Debug|Any CPU
		{B1A582F3-7DD6-4A7D-9CD9-561310FA19A3}.Debug|x64.ActiveCfg = Debug|Any CPU
		{B1A582F3-7DD6-4A7D-9CD9-561310FA19A3}.Debug|x64.Build.0 = Debug|Any CPU
		{B1A582F3-7DD6-4A7D-9CD9-561310FA19A3}.Debug|x86.ActiveCfg = Debug|Any CPU
		{B1A582F3-7DD6-4A7D-9CD9-561310FA19A3}.Debug|x86.Build.0 = Debug|Any CPU
		{B1A582F3-7DD6-4A7D-9CD9-561310FA19A3}.Release|Any CPU.ActiveCfg = Release|Any CPU
		{B1A582F3-7DD6-4A7D-9CD9-561310FA19A3}.Release|Any CPU.Build.0 = Release|Any CPU
		{B1A582F3-7DD6-4A7D-9CD9-561310FA19A3}.Release|x64.ActiveCfg = Release|Any CPU
		{B1A582F3-7DD6-4A7D-9CD9-561310FA19A3}.Release|x64.Build.0 = Release|Any CPU
		{B1A582F3-7DD6-4A7D-9CD9-561310FA19A3}.Release|x86.ActiveCfg = Release|Any CPU
		{B1A582F3-7DD6-4A7D-9CD9-561310FA19A3}.Release|x86.Build.0 = Release|Any CPU
		{FDD3F132-7AD4-48A7-9182-A7967C9FEF94}.Debug|Any CPU.ActiveCfg = Debug|Any CPU
		{FDD3F132-7AD4-48A7-9182-A7967C9FEF94}.Debug|Any CPU.Build.0 = Debug|Any CPU
		{FDD3F132-7AD4-48A7-9182-A7967C9FEF94}.Debug|x64.ActiveCfg = Debug|Any CPU
		{FDD3F132-7AD4-48A7-9182-A7967C9FEF94}.Debug|x64.Build.0 = Debug|Any CPU
		{FDD3F132-7AD4-48A7-9182-A7967C9FEF94}.Debug|x86.ActiveCfg = Debug|Any CPU
		{FDD3F132-7AD4-48A7-9182-A7967C9FEF94}.Debug|x86.Build.0 = Debug|Any CPU
		{FDD3F132-7AD4-48A7-9182-A7967C9FEF94}.Release|Any CPU.ActiveCfg = Release|Any CPU
		{FDD3F132-7AD4-48A7-9182-A7967C9FEF94}.Release|Any CPU.Build.0 = Release|Any CPU
		{FDD3F132-7AD4-48A7-9182-A7967C9FEF94}.Release|x64.ActiveCfg = Release|Any CPU
		{FDD3F132-7AD4-48A7-9182-A7967C9FEF94}.Release|x64.Build.0 = Release|Any CPU
		{FDD3F132-7AD4-48A7-9182-A7967C9FEF94}.Release|x86.ActiveCfg = Release|Any CPU
		{FDD3F132-7AD4-48A7-9182-A7967C9FEF94}.Release|x86.Build.0 = Release|Any CPU
		{FF44F2A9-BB62-4A30-B796-3AA71E364DA5}.Debug|Any CPU.ActiveCfg = Debug|Any CPU
		{FF44F2A9-BB62-4A30-B796-3AA71E364DA5}.Debug|Any CPU.Build.0 = Debug|Any CPU
		{FF44F2A9-BB62-4A30-B796-3AA71E364DA5}.Debug|x64.ActiveCfg = Debug|Any CPU
		{FF44F2A9-BB62-4A30-B796-3AA71E364DA5}.Debug|x64.Build.0 = Debug|Any CPU
		{FF44F2A9-BB62-4A30-B796-3AA71E364DA5}.Debug|x86.ActiveCfg = Debug|Any CPU
		{FF44F2A9-BB62-4A30-B796-3AA71E364DA5}.Debug|x86.Build.0 = Debug|Any CPU
		{FF44F2A9-BB62-4A30-B796-3AA71E364DA5}.Release|Any CPU.ActiveCfg = Release|Any CPU
		{FF44F2A9-BB62-4A30-B796-3AA71E364DA5}.Release|Any CPU.Build.0 = Release|Any CPU
		{FF44F2A9-BB62-4A30-B796-3AA71E364DA5}.Release|x64.ActiveCfg = Release|Any CPU
		{FF44F2A9-BB62-4A30-B796-3AA71E364DA5}.Release|x64.Build.0 = Release|Any CPU
		{FF44F2A9-BB62-4A30-B796-3AA71E364DA5}.Release|x86.ActiveCfg = Release|Any CPU
		{FF44F2A9-BB62-4A30-B796-3AA71E364DA5}.Release|x86.Build.0 = Release|Any CPU
		{E8532C27-D0D6-4DE4-B0C9-D41C58AC1CDE}.Debug|Any CPU.ActiveCfg = Debug|Any CPU
		{E8532C27-D0D6-4DE4-B0C9-D41C58AC1CDE}.Debug|Any CPU.Build.0 = Debug|Any CPU
		{E8532C27-D0D6-4DE4-B0C9-D41C58AC1CDE}.Debug|x64.ActiveCfg = Debug|Any CPU
		{E8532C27-D0D6-4DE4-B0C9-D41C58AC1CDE}.Debug|x64.Build.0 = Debug|Any CPU
		{E8532C27-D0D6-4DE4-B0C9-D41C58AC1CDE}.Debug|x86.ActiveCfg = Debug|Any CPU
		{E8532C27-D0D6-4DE4-B0C9-D41C58AC1CDE}.Debug|x86.Build.0 = Debug|Any CPU
		{E8532C27-D0D6-4DE4-B0C9-D41C58AC1CDE}.Release|Any CPU.ActiveCfg = Release|Any CPU
		{E8532C27-D0D6-4DE4-B0C9-D41C58AC1CDE}.Release|Any CPU.Build.0 = Release|Any CPU
		{E8532C27-D0D6-4DE4-B0C9-D41C58AC1CDE}.Release|x64.ActiveCfg = Release|Any CPU
		{E8532C27-D0D6-4DE4-B0C9-D41C58AC1CDE}.Release|x64.Build.0 = Release|Any CPU
		{E8532C27-D0D6-4DE4-B0C9-D41C58AC1CDE}.Release|x86.ActiveCfg = Release|Any CPU
		{E8532C27-D0D6-4DE4-B0C9-D41C58AC1CDE}.Release|x86.Build.0 = Release|Any CPU
		{E2D46518-4E3C-41EA-B87B-C1104ADB14E1}.Debug|Any CPU.ActiveCfg = Debug|Any CPU
		{E2D46518-4E3C-41EA-B87B-C1104ADB14E1}.Debug|Any CPU.Build.0 = Debug|Any CPU
		{E2D46518-4E3C-41EA-B87B-C1104ADB14E1}.Debug|x64.ActiveCfg = Debug|Any CPU
		{E2D46518-4E3C-41EA-B87B-C1104ADB14E1}.Debug|x64.Build.0 = Debug|Any CPU
		{E2D46518-4E3C-41EA-B87B-C1104ADB14E1}.Debug|x86.ActiveCfg = Debug|Any CPU
		{E2D46518-4E3C-41EA-B87B-C1104ADB14E1}.Debug|x86.Build.0 = Debug|Any CPU
		{E2D46518-4E3C-41EA-B87B-C1104ADB14E1}.Release|Any CPU.ActiveCfg = Release|Any CPU
		{E2D46518-4E3C-41EA-B87B-C1104ADB14E1}.Release|Any CPU.Build.0 = Release|Any CPU
		{E2D46518-4E3C-41EA-B87B-C1104ADB14E1}.Release|x64.ActiveCfg = Release|Any CPU
		{E2D46518-4E3C-41EA-B87B-C1104ADB14E1}.Release|x64.Build.0 = Release|Any CPU
		{E2D46518-4E3C-41EA-B87B-C1104ADB14E1}.Release|x86.ActiveCfg = Release|Any CPU
		{E2D46518-4E3C-41EA-B87B-C1104ADB14E1}.Release|x86.Build.0 = Release|Any CPU
		{3228E7DC-AA72-43AE-8E56-43349AE7A235}.Debug|Any CPU.ActiveCfg = Debug|Any CPU
		{3228E7DC-AA72-43AE-8E56-43349AE7A235}.Debug|Any CPU.Build.0 = Debug|Any CPU
		{3228E7DC-AA72-43AE-8E56-43349AE7A235}.Debug|x64.ActiveCfg = Debug|Any CPU
		{3228E7DC-AA72-43AE-8E56-43349AE7A235}.Debug|x64.Build.0 = Debug|Any CPU
		{3228E7DC-AA72-43AE-8E56-43349AE7A235}.Debug|x86.ActiveCfg = Debug|Any CPU
		{3228E7DC-AA72-43AE-8E56-43349AE7A235}.Debug|x86.Build.0 = Debug|Any CPU
		{3228E7DC-AA72-43AE-8E56-43349AE7A235}.Release|Any CPU.ActiveCfg = Release|Any CPU
		{3228E7DC-AA72-43AE-8E56-43349AE7A235}.Release|Any CPU.Build.0 = Release|Any CPU
		{3228E7DC-AA72-43AE-8E56-43349AE7A235}.Release|x64.ActiveCfg = Release|Any CPU
		{3228E7DC-AA72-43AE-8E56-43349AE7A235}.Release|x64.Build.0 = Release|Any CPU
		{3228E7DC-AA72-43AE-8E56-43349AE7A235}.Release|x86.ActiveCfg = Release|Any CPU
		{3228E7DC-AA72-43AE-8E56-43349AE7A235}.Release|x86.Build.0 = Release|Any CPU
		{5F1CF427-2243-4ADE-BE0F-BE172E1E6399}.Debug|Any CPU.ActiveCfg = Debug|Any CPU
		{5F1CF427-2243-4ADE-BE0F-BE172E1E6399}.Debug|Any CPU.Build.0 = Debug|Any CPU
		{5F1CF427-2243-4ADE-BE0F-BE172E1E6399}.Debug|x64.ActiveCfg = Debug|Any CPU
		{5F1CF427-2243-4ADE-BE0F-BE172E1E6399}.Debug|x64.Build.0 = Debug|Any CPU
		{5F1CF427-2243-4ADE-BE0F-BE172E1E6399}.Debug|x86.ActiveCfg = Debug|Any CPU
		{5F1CF427-2243-4ADE-BE0F-BE172E1E6399}.Debug|x86.Build.0 = Debug|Any CPU
		{5F1CF427-2243-4ADE-BE0F-BE172E1E6399}.Release|Any CPU.ActiveCfg = Release|Any CPU
		{5F1CF427-2243-4ADE-BE0F-BE172E1E6399}.Release|Any CPU.Build.0 = Release|Any CPU
		{5F1CF427-2243-4ADE-BE0F-BE172E1E6399}.Release|x64.ActiveCfg = Release|Any CPU
		{5F1CF427-2243-4ADE-BE0F-BE172E1E6399}.Release|x64.Build.0 = Release|Any CPU
		{5F1CF427-2243-4ADE-BE0F-BE172E1E6399}.Release|x86.ActiveCfg = Release|Any CPU
		{5F1CF427-2243-4ADE-BE0F-BE172E1E6399}.Release|x86.Build.0 = Release|Any CPU
		{8290C632-31A3-451D-B18E-8EA1BC08157C}.Debug|Any CPU.ActiveCfg = Debug|Any CPU
		{8290C632-31A3-451D-B18E-8EA1BC08157C}.Debug|Any CPU.Build.0 = Debug|Any CPU
		{8290C632-31A3-451D-B18E-8EA1BC08157C}.Debug|x64.ActiveCfg = Debug|Any CPU
		{8290C632-31A3-451D-B18E-8EA1BC08157C}.Debug|x64.Build.0 = Debug|Any CPU
		{8290C632-31A3-451D-B18E-8EA1BC08157C}.Debug|x86.ActiveCfg = Debug|Any CPU
		{8290C632-31A3-451D-B18E-8EA1BC08157C}.Debug|x86.Build.0 = Debug|Any CPU
		{8290C632-31A3-451D-B18E-8EA1BC08157C}.Release|Any CPU.ActiveCfg = Release|Any CPU
		{8290C632-31A3-451D-B18E-8EA1BC08157C}.Release|Any CPU.Build.0 = Release|Any CPU
		{8290C632-31A3-451D-B18E-8EA1BC08157C}.Release|x64.ActiveCfg = Release|Any CPU
		{8290C632-31A3-451D-B18E-8EA1BC08157C}.Release|x64.Build.0 = Release|Any CPU
		{8290C632-31A3-451D-B18E-8EA1BC08157C}.Release|x86.ActiveCfg = Release|Any CPU
		{8290C632-31A3-451D-B18E-8EA1BC08157C}.Release|x86.Build.0 = Release|Any CPU
		{12EFBB12-3B98-410E-B9F4-C9206A9FC70A}.Debug|Any CPU.ActiveCfg = Debug|Any CPU
		{12EFBB12-3B98-410E-B9F4-C9206A9FC70A}.Debug|Any CPU.Build.0 = Debug|Any CPU
		{12EFBB12-3B98-410E-B9F4-C9206A9FC70A}.Debug|x64.ActiveCfg = Debug|Any CPU
		{12EFBB12-3B98-410E-B9F4-C9206A9FC70A}.Debug|x64.Build.0 = Debug|Any CPU
		{12EFBB12-3B98-410E-B9F4-C9206A9FC70A}.Debug|x86.ActiveCfg = Debug|Any CPU
		{12EFBB12-3B98-410E-B9F4-C9206A9FC70A}.Debug|x86.Build.0 = Debug|Any CPU
		{12EFBB12-3B98-410E-B9F4-C9206A9FC70A}.Release|Any CPU.ActiveCfg = Release|Any CPU
		{12EFBB12-3B98-410E-B9F4-C9206A9FC70A}.Release|Any CPU.Build.0 = Release|Any CPU
		{12EFBB12-3B98-410E-B9F4-C9206A9FC70A}.Release|x64.ActiveCfg = Release|Any CPU
		{12EFBB12-3B98-410E-B9F4-C9206A9FC70A}.Release|x64.Build.0 = Release|Any CPU
		{12EFBB12-3B98-410E-B9F4-C9206A9FC70A}.Release|x86.ActiveCfg = Release|Any CPU
		{12EFBB12-3B98-410E-B9F4-C9206A9FC70A}.Release|x86.Build.0 = Release|Any CPU
		{E7B19A53-4559-4C00-857F-20D217D849BA}.Debug|Any CPU.ActiveCfg = Debug|Any CPU
		{E7B19A53-4559-4C00-857F-20D217D849BA}.Debug|Any CPU.Build.0 = Debug|Any CPU
		{E7B19A53-4559-4C00-857F-20D217D849BA}.Debug|x64.ActiveCfg = Debug|Any CPU
		{E7B19A53-4559-4C00-857F-20D217D849BA}.Debug|x64.Build.0 = Debug|Any CPU
		{E7B19A53-4559-4C00-857F-20D217D849BA}.Debug|x86.ActiveCfg = Debug|Any CPU
		{E7B19A53-4559-4C00-857F-20D217D849BA}.Debug|x86.Build.0 = Debug|Any CPU
		{E7B19A53-4559-4C00-857F-20D217D849BA}.Release|Any CPU.ActiveCfg = Release|Any CPU
		{E7B19A53-4559-4C00-857F-20D217D849BA}.Release|Any CPU.Build.0 = Release|Any CPU
		{E7B19A53-4559-4C00-857F-20D217D849BA}.Release|x64.ActiveCfg = Release|Any CPU
		{E7B19A53-4559-4C00-857F-20D217D849BA}.Release|x64.Build.0 = Release|Any CPU
		{E7B19A53-4559-4C00-857F-20D217D849BA}.Release|x86.ActiveCfg = Release|Any CPU
		{E7B19A53-4559-4C00-857F-20D217D849BA}.Release|x86.Build.0 = Release|Any CPU
		{34AB13FF-AA6A-4D01-AFC3-A73C54CF8B40}.Debug|Any CPU.ActiveCfg = Debug|Any CPU
		{34AB13FF-AA6A-4D01-AFC3-A73C54CF8B40}.Debug|Any CPU.Build.0 = Debug|Any CPU
		{34AB13FF-AA6A-4D01-AFC3-A73C54CF8B40}.Debug|x64.ActiveCfg = Debug|Any CPU
		{34AB13FF-AA6A-4D01-AFC3-A73C54CF8B40}.Debug|x64.Build.0 = Debug|Any CPU
		{34AB13FF-AA6A-4D01-AFC3-A73C54CF8B40}.Debug|x86.ActiveCfg = Debug|Any CPU
		{34AB13FF-AA6A-4D01-AFC3-A73C54CF8B40}.Debug|x86.Build.0 = Debug|Any CPU
		{34AB13FF-AA6A-4D01-AFC3-A73C54CF8B40}.Release|Any CPU.ActiveCfg = Release|Any CPU
		{34AB13FF-AA6A-4D01-AFC3-A73C54CF8B40}.Release|Any CPU.Build.0 = Release|Any CPU
		{34AB13FF-AA6A-4D01-AFC3-A73C54CF8B40}.Release|x64.ActiveCfg = Release|Any CPU
		{34AB13FF-AA6A-4D01-AFC3-A73C54CF8B40}.Release|x64.Build.0 = Release|Any CPU
		{34AB13FF-AA6A-4D01-AFC3-A73C54CF8B40}.Release|x86.ActiveCfg = Release|Any CPU
		{34AB13FF-AA6A-4D01-AFC3-A73C54CF8B40}.Release|x86.Build.0 = Release|Any CPU
		{C4A6C1AE-082C-4943-AA58-16AA69D5DA7D}.Debug|Any CPU.ActiveCfg = Debug|Any CPU
		{C4A6C1AE-082C-4943-AA58-16AA69D5DA7D}.Debug|Any CPU.Build.0 = Debug|Any CPU
		{C4A6C1AE-082C-4943-AA58-16AA69D5DA7D}.Debug|x64.ActiveCfg = Debug|Any CPU
		{C4A6C1AE-082C-4943-AA58-16AA69D5DA7D}.Debug|x64.Build.0 = Debug|Any CPU
		{C4A6C1AE-082C-4943-AA58-16AA69D5DA7D}.Debug|x86.ActiveCfg = Debug|Any CPU
		{C4A6C1AE-082C-4943-AA58-16AA69D5DA7D}.Debug|x86.Build.0 = Debug|Any CPU
		{C4A6C1AE-082C-4943-AA58-16AA69D5DA7D}.Release|Any CPU.ActiveCfg = Release|Any CPU
		{C4A6C1AE-082C-4943-AA58-16AA69D5DA7D}.Release|Any CPU.Build.0 = Release|Any CPU
		{C4A6C1AE-082C-4943-AA58-16AA69D5DA7D}.Release|x64.ActiveCfg = Release|Any CPU
		{C4A6C1AE-082C-4943-AA58-16AA69D5DA7D}.Release|x64.Build.0 = Release|Any CPU
		{C4A6C1AE-082C-4943-AA58-16AA69D5DA7D}.Release|x86.ActiveCfg = Release|Any CPU
		{C4A6C1AE-082C-4943-AA58-16AA69D5DA7D}.Release|x86.Build.0 = Release|Any CPU
		{7D225EB1-0C5D-4AC8-95A4-747A62201C8C}.Debug|Any CPU.ActiveCfg = Debug|Any CPU
		{7D225EB1-0C5D-4AC8-95A4-747A62201C8C}.Debug|Any CPU.Build.0 = Debug|Any CPU
		{7D225EB1-0C5D-4AC8-95A4-747A62201C8C}.Debug|x64.ActiveCfg = Debug|Any CPU
		{7D225EB1-0C5D-4AC8-95A4-747A62201C8C}.Debug|x64.Build.0 = Debug|Any CPU
		{7D225EB1-0C5D-4AC8-95A4-747A62201C8C}.Debug|x86.ActiveCfg = Debug|Any CPU
		{7D225EB1-0C5D-4AC8-95A4-747A62201C8C}.Debug|x86.Build.0 = Debug|Any CPU
		{7D225EB1-0C5D-4AC8-95A4-747A62201C8C}.Release|Any CPU.ActiveCfg = Release|Any CPU
		{7D225EB1-0C5D-4AC8-95A4-747A62201C8C}.Release|Any CPU.Build.0 = Release|Any CPU
		{7D225EB1-0C5D-4AC8-95A4-747A62201C8C}.Release|x64.ActiveCfg = Release|Any CPU
		{7D225EB1-0C5D-4AC8-95A4-747A62201C8C}.Release|x64.Build.0 = Release|Any CPU
		{7D225EB1-0C5D-4AC8-95A4-747A62201C8C}.Release|x86.ActiveCfg = Release|Any CPU
		{7D225EB1-0C5D-4AC8-95A4-747A62201C8C}.Release|x86.Build.0 = Release|Any CPU
		{6CD93F1F-DE3B-4BB9-89B5-BF674544EE7F}.Debug|Any CPU.ActiveCfg = Debug|Any CPU
		{6CD93F1F-DE3B-4BB9-89B5-BF674544EE7F}.Debug|Any CPU.Build.0 = Debug|Any CPU
		{6CD93F1F-DE3B-4BB9-89B5-BF674544EE7F}.Debug|x64.ActiveCfg = Debug|Any CPU
		{6CD93F1F-DE3B-4BB9-89B5-BF674544EE7F}.Debug|x64.Build.0 = Debug|Any CPU
		{6CD93F1F-DE3B-4BB9-89B5-BF674544EE7F}.Debug|x86.ActiveCfg = Debug|Any CPU
		{6CD93F1F-DE3B-4BB9-89B5-BF674544EE7F}.Debug|x86.Build.0 = Debug|Any CPU
		{6CD93F1F-DE3B-4BB9-89B5-BF674544EE7F}.Release|Any CPU.ActiveCfg = Release|Any CPU
		{6CD93F1F-DE3B-4BB9-89B5-BF674544EE7F}.Release|Any CPU.Build.0 = Release|Any CPU
		{6CD93F1F-DE3B-4BB9-89B5-BF674544EE7F}.Release|x64.ActiveCfg = Release|Any CPU
		{6CD93F1F-DE3B-4BB9-89B5-BF674544EE7F}.Release|x64.Build.0 = Release|Any CPU
		{6CD93F1F-DE3B-4BB9-89B5-BF674544EE7F}.Release|x86.ActiveCfg = Release|Any CPU
		{6CD93F1F-DE3B-4BB9-89B5-BF674544EE7F}.Release|x86.Build.0 = Release|Any CPU
		{7C12DD41-3D80-4217-B0F0-FE5EB45634F4}.Debug|Any CPU.ActiveCfg = Debug|Any CPU
		{7C12DD41-3D80-4217-B0F0-FE5EB45634F4}.Debug|Any CPU.Build.0 = Debug|Any CPU
		{7C12DD41-3D80-4217-B0F0-FE5EB45634F4}.Debug|x64.ActiveCfg = Debug|Any CPU
		{7C12DD41-3D80-4217-B0F0-FE5EB45634F4}.Debug|x64.Build.0 = Debug|Any CPU
		{7C12DD41-3D80-4217-B0F0-FE5EB45634F4}.Debug|x86.ActiveCfg = Debug|Any CPU
		{7C12DD41-3D80-4217-B0F0-FE5EB45634F4}.Debug|x86.Build.0 = Debug|Any CPU
		{7C12DD41-3D80-4217-B0F0-FE5EB45634F4}.Release|Any CPU.ActiveCfg = Release|Any CPU
		{7C12DD41-3D80-4217-B0F0-FE5EB45634F4}.Release|Any CPU.Build.0 = Release|Any CPU
		{7C12DD41-3D80-4217-B0F0-FE5EB45634F4}.Release|x64.ActiveCfg = Release|Any CPU
		{7C12DD41-3D80-4217-B0F0-FE5EB45634F4}.Release|x64.Build.0 = Release|Any CPU
		{7C12DD41-3D80-4217-B0F0-FE5EB45634F4}.Release|x86.ActiveCfg = Release|Any CPU
		{7C12DD41-3D80-4217-B0F0-FE5EB45634F4}.Release|x86.Build.0 = Release|Any CPU
		{3602DA5F-0FB4-4DF7-9AE5-C1BBD49AE462}.Debug|Any CPU.ActiveCfg = Debug|Any CPU
		{3602DA5F-0FB4-4DF7-9AE5-C1BBD49AE462}.Debug|Any CPU.Build.0 = Debug|Any CPU
		{3602DA5F-0FB4-4DF7-9AE5-C1BBD49AE462}.Debug|x64.ActiveCfg = Debug|Any CPU
		{3602DA5F-0FB4-4DF7-9AE5-C1BBD49AE462}.Debug|x64.Build.0 = Debug|Any CPU
		{3602DA5F-0FB4-4DF7-9AE5-C1BBD49AE462}.Debug|x86.ActiveCfg = Debug|Any CPU
		{3602DA5F-0FB4-4DF7-9AE5-C1BBD49AE462}.Debug|x86.Build.0 = Debug|Any CPU
		{3602DA5F-0FB4-4DF7-9AE5-C1BBD49AE462}.Release|Any CPU.ActiveCfg = Release|Any CPU
		{3602DA5F-0FB4-4DF7-9AE5-C1BBD49AE462}.Release|Any CPU.Build.0 = Release|Any CPU
		{3602DA5F-0FB4-4DF7-9AE5-C1BBD49AE462}.Release|x64.ActiveCfg = Release|Any CPU
		{3602DA5F-0FB4-4DF7-9AE5-C1BBD49AE462}.Release|x64.Build.0 = Release|Any CPU
		{3602DA5F-0FB4-4DF7-9AE5-C1BBD49AE462}.Release|x86.ActiveCfg = Release|Any CPU
		{3602DA5F-0FB4-4DF7-9AE5-C1BBD49AE462}.Release|x86.Build.0 = Release|Any CPU
		{0B2086EF-2761-49B6-8BE3-FC9073901A6B}.Debug|Any CPU.ActiveCfg = Debug|Any CPU
		{0B2086EF-2761-49B6-8BE3-FC9073901A6B}.Debug|Any CPU.Build.0 = Debug|Any CPU
		{0B2086EF-2761-49B6-8BE3-FC9073901A6B}.Debug|x64.ActiveCfg = Debug|Any CPU
		{0B2086EF-2761-49B6-8BE3-FC9073901A6B}.Debug|x64.Build.0 = Debug|Any CPU
		{0B2086EF-2761-49B6-8BE3-FC9073901A6B}.Debug|x86.ActiveCfg = Debug|Any CPU
		{0B2086EF-2761-49B6-8BE3-FC9073901A6B}.Debug|x86.Build.0 = Debug|Any CPU
		{0B2086EF-2761-49B6-8BE3-FC9073901A6B}.Release|Any CPU.ActiveCfg = Release|Any CPU
		{0B2086EF-2761-49B6-8BE3-FC9073901A6B}.Release|Any CPU.Build.0 = Release|Any CPU
		{0B2086EF-2761-49B6-8BE3-FC9073901A6B}.Release|x64.ActiveCfg = Release|Any CPU
		{0B2086EF-2761-49B6-8BE3-FC9073901A6B}.Release|x64.Build.0 = Release|Any CPU
		{0B2086EF-2761-49B6-8BE3-FC9073901A6B}.Release|x86.ActiveCfg = Release|Any CPU
		{0B2086EF-2761-49B6-8BE3-FC9073901A6B}.Release|x86.Build.0 = Release|Any CPU
		{8AF9D42B-C1A0-4F43-BD83-C1E4CB29006B}.Debug|Any CPU.ActiveCfg = Debug|Any CPU
		{8AF9D42B-C1A0-4F43-BD83-C1E4CB29006B}.Debug|Any CPU.Build.0 = Debug|Any CPU
		{8AF9D42B-C1A0-4F43-BD83-C1E4CB29006B}.Debug|x64.ActiveCfg = Debug|Any CPU
		{8AF9D42B-C1A0-4F43-BD83-C1E4CB29006B}.Debug|x64.Build.0 = Debug|Any CPU
		{8AF9D42B-C1A0-4F43-BD83-C1E4CB29006B}.Debug|x86.ActiveCfg = Debug|Any CPU
		{8AF9D42B-C1A0-4F43-BD83-C1E4CB29006B}.Debug|x86.Build.0 = Debug|Any CPU
		{8AF9D42B-C1A0-4F43-BD83-C1E4CB29006B}.Release|Any CPU.ActiveCfg = Release|Any CPU
		{8AF9D42B-C1A0-4F43-BD83-C1E4CB29006B}.Release|Any CPU.Build.0 = Release|Any CPU
		{8AF9D42B-C1A0-4F43-BD83-C1E4CB29006B}.Release|x64.ActiveCfg = Release|Any CPU
		{8AF9D42B-C1A0-4F43-BD83-C1E4CB29006B}.Release|x64.Build.0 = Release|Any CPU
		{8AF9D42B-C1A0-4F43-BD83-C1E4CB29006B}.Release|x86.ActiveCfg = Release|Any CPU
		{8AF9D42B-C1A0-4F43-BD83-C1E4CB29006B}.Release|x86.Build.0 = Release|Any CPU
		{B2CF0A2A-5329-42CD-9209-06490A3EF824}.Debug|Any CPU.ActiveCfg = Debug|Any CPU
		{B2CF0A2A-5329-42CD-9209-06490A3EF824}.Debug|Any CPU.Build.0 = Debug|Any CPU
		{B2CF0A2A-5329-42CD-9209-06490A3EF824}.Debug|x64.ActiveCfg = Debug|Any CPU
		{B2CF0A2A-5329-42CD-9209-06490A3EF824}.Debug|x64.Build.0 = Debug|Any CPU
		{B2CF0A2A-5329-42CD-9209-06490A3EF824}.Debug|x86.ActiveCfg = Debug|Any CPU
		{B2CF0A2A-5329-42CD-9209-06490A3EF824}.Debug|x86.Build.0 = Debug|Any CPU
		{B2CF0A2A-5329-42CD-9209-06490A3EF824}.Release|Any CPU.ActiveCfg = Release|Any CPU
		{B2CF0A2A-5329-42CD-9209-06490A3EF824}.Release|Any CPU.Build.0 = Release|Any CPU
		{B2CF0A2A-5329-42CD-9209-06490A3EF824}.Release|x64.ActiveCfg = Release|Any CPU
		{B2CF0A2A-5329-42CD-9209-06490A3EF824}.Release|x64.Build.0 = Release|Any CPU
		{B2CF0A2A-5329-42CD-9209-06490A3EF824}.Release|x86.ActiveCfg = Release|Any CPU
		{B2CF0A2A-5329-42CD-9209-06490A3EF824}.Release|x86.Build.0 = Release|Any CPU
		{CD32C850-81CE-41F4-AAC8-183DAC310676}.Debug|Any CPU.ActiveCfg = Debug|Any CPU
		{CD32C850-81CE-41F4-AAC8-183DAC310676}.Debug|Any CPU.Build.0 = Debug|Any CPU
		{CD32C850-81CE-41F4-AAC8-183DAC310676}.Debug|x64.ActiveCfg = Debug|Any CPU
		{CD32C850-81CE-41F4-AAC8-183DAC310676}.Debug|x64.Build.0 = Debug|Any CPU
		{CD32C850-81CE-41F4-AAC8-183DAC310676}.Debug|x86.ActiveCfg = Debug|Any CPU
		{CD32C850-81CE-41F4-AAC8-183DAC310676}.Debug|x86.Build.0 = Debug|Any CPU
		{CD32C850-81CE-41F4-AAC8-183DAC310676}.Release|Any CPU.ActiveCfg = Release|Any CPU
		{CD32C850-81CE-41F4-AAC8-183DAC310676}.Release|Any CPU.Build.0 = Release|Any CPU
		{CD32C850-81CE-41F4-AAC8-183DAC310676}.Release|x64.ActiveCfg = Release|Any CPU
		{CD32C850-81CE-41F4-AAC8-183DAC310676}.Release|x64.Build.0 = Release|Any CPU
		{CD32C850-81CE-41F4-AAC8-183DAC310676}.Release|x86.ActiveCfg = Release|Any CPU
		{CD32C850-81CE-41F4-AAC8-183DAC310676}.Release|x86.Build.0 = Release|Any CPU
		{7DF38318-7B5E-4AC5-8545-DDED5756C96D}.Debug|Any CPU.ActiveCfg = Debug|Any CPU
		{7DF38318-7B5E-4AC5-8545-DDED5756C96D}.Debug|Any CPU.Build.0 = Debug|Any CPU
		{7DF38318-7B5E-4AC5-8545-DDED5756C96D}.Debug|x64.ActiveCfg = Debug|Any CPU
		{7DF38318-7B5E-4AC5-8545-DDED5756C96D}.Debug|x64.Build.0 = Debug|Any CPU
		{7DF38318-7B5E-4AC5-8545-DDED5756C96D}.Debug|x86.ActiveCfg = Debug|Any CPU
		{7DF38318-7B5E-4AC5-8545-DDED5756C96D}.Debug|x86.Build.0 = Debug|Any CPU
		{7DF38318-7B5E-4AC5-8545-DDED5756C96D}.Release|Any CPU.ActiveCfg = Release|Any CPU
		{7DF38318-7B5E-4AC5-8545-DDED5756C96D}.Release|Any CPU.Build.0 = Release|Any CPU
		{7DF38318-7B5E-4AC5-8545-DDED5756C96D}.Release|x64.ActiveCfg = Release|Any CPU
		{7DF38318-7B5E-4AC5-8545-DDED5756C96D}.Release|x64.Build.0 = Release|Any CPU
		{7DF38318-7B5E-4AC5-8545-DDED5756C96D}.Release|x86.ActiveCfg = Release|Any CPU
		{7DF38318-7B5E-4AC5-8545-DDED5756C96D}.Release|x86.Build.0 = Release|Any CPU
		{D9F8D0A1-2592-4919-AA94-196B2CBD72C6}.Debug|Any CPU.ActiveCfg = Debug|Any CPU
		{D9F8D0A1-2592-4919-AA94-196B2CBD72C6}.Debug|Any CPU.Build.0 = Debug|Any CPU
		{D9F8D0A1-2592-4919-AA94-196B2CBD72C6}.Debug|x64.ActiveCfg = Debug|Any CPU
		{D9F8D0A1-2592-4919-AA94-196B2CBD72C6}.Debug|x64.Build.0 = Debug|Any CPU
		{D9F8D0A1-2592-4919-AA94-196B2CBD72C6}.Debug|x86.ActiveCfg = Debug|Any CPU
		{D9F8D0A1-2592-4919-AA94-196B2CBD72C6}.Debug|x86.Build.0 = Debug|Any CPU
		{D9F8D0A1-2592-4919-AA94-196B2CBD72C6}.Release|Any CPU.ActiveCfg = Release|Any CPU
		{D9F8D0A1-2592-4919-AA94-196B2CBD72C6}.Release|Any CPU.Build.0 = Release|Any CPU
		{D9F8D0A1-2592-4919-AA94-196B2CBD72C6}.Release|x64.ActiveCfg = Release|Any CPU
		{D9F8D0A1-2592-4919-AA94-196B2CBD72C6}.Release|x64.Build.0 = Release|Any CPU
		{D9F8D0A1-2592-4919-AA94-196B2CBD72C6}.Release|x86.ActiveCfg = Release|Any CPU
		{D9F8D0A1-2592-4919-AA94-196B2CBD72C6}.Release|x86.Build.0 = Release|Any CPU
		{04859A88-10C8-4EBA-8903-0C86107BBCC7}.Debug|Any CPU.ActiveCfg = Debug|Any CPU
		{04859A88-10C8-4EBA-8903-0C86107BBCC7}.Debug|Any CPU.Build.0 = Debug|Any CPU
		{04859A88-10C8-4EBA-8903-0C86107BBCC7}.Debug|x64.ActiveCfg = Debug|Any CPU
		{04859A88-10C8-4EBA-8903-0C86107BBCC7}.Debug|x64.Build.0 = Debug|Any CPU
		{04859A88-10C8-4EBA-8903-0C86107BBCC7}.Debug|x86.ActiveCfg = Debug|Any CPU
		{04859A88-10C8-4EBA-8903-0C86107BBCC7}.Debug|x86.Build.0 = Debug|Any CPU
		{04859A88-10C8-4EBA-8903-0C86107BBCC7}.Release|Any CPU.ActiveCfg = Release|Any CPU
		{04859A88-10C8-4EBA-8903-0C86107BBCC7}.Release|Any CPU.Build.0 = Release|Any CPU
		{04859A88-10C8-4EBA-8903-0C86107BBCC7}.Release|x64.ActiveCfg = Release|Any CPU
		{04859A88-10C8-4EBA-8903-0C86107BBCC7}.Release|x64.Build.0 = Release|Any CPU
		{04859A88-10C8-4EBA-8903-0C86107BBCC7}.Release|x86.ActiveCfg = Release|Any CPU
		{04859A88-10C8-4EBA-8903-0C86107BBCC7}.Release|x86.Build.0 = Release|Any CPU
		{4887731D-9C9B-4AA2-8E81-14992717F4EE}.Debug|Any CPU.ActiveCfg = Debug|Any CPU
		{4887731D-9C9B-4AA2-8E81-14992717F4EE}.Debug|Any CPU.Build.0 = Debug|Any CPU
		{4887731D-9C9B-4AA2-8E81-14992717F4EE}.Debug|x64.ActiveCfg = Debug|Any CPU
		{4887731D-9C9B-4AA2-8E81-14992717F4EE}.Debug|x64.Build.0 = Debug|Any CPU
		{4887731D-9C9B-4AA2-8E81-14992717F4EE}.Debug|x86.ActiveCfg = Debug|Any CPU
		{4887731D-9C9B-4AA2-8E81-14992717F4EE}.Debug|x86.Build.0 = Debug|Any CPU
		{4887731D-9C9B-4AA2-8E81-14992717F4EE}.Release|Any CPU.ActiveCfg = Release|Any CPU
		{4887731D-9C9B-4AA2-8E81-14992717F4EE}.Release|Any CPU.Build.0 = Release|Any CPU
		{4887731D-9C9B-4AA2-8E81-14992717F4EE}.Release|x64.ActiveCfg = Release|Any CPU
		{4887731D-9C9B-4AA2-8E81-14992717F4EE}.Release|x64.Build.0 = Release|Any CPU
		{4887731D-9C9B-4AA2-8E81-14992717F4EE}.Release|x86.ActiveCfg = Release|Any CPU
		{4887731D-9C9B-4AA2-8E81-14992717F4EE}.Release|x86.Build.0 = Release|Any CPU
		{E9E82060-784D-48C9-9314-3598E71D219A}.Debug|Any CPU.ActiveCfg = Debug|Any CPU
		{E9E82060-784D-48C9-9314-3598E71D219A}.Debug|Any CPU.Build.0 = Debug|Any CPU
		{E9E82060-784D-48C9-9314-3598E71D219A}.Debug|x64.ActiveCfg = Debug|Any CPU
		{E9E82060-784D-48C9-9314-3598E71D219A}.Debug|x64.Build.0 = Debug|Any CPU
		{E9E82060-784D-48C9-9314-3598E71D219A}.Debug|x86.ActiveCfg = Debug|Any CPU
		{E9E82060-784D-48C9-9314-3598E71D219A}.Debug|x86.Build.0 = Debug|Any CPU
		{E9E82060-784D-48C9-9314-3598E71D219A}.Release|Any CPU.ActiveCfg = Release|Any CPU
		{E9E82060-784D-48C9-9314-3598E71D219A}.Release|Any CPU.Build.0 = Release|Any CPU
		{E9E82060-784D-48C9-9314-3598E71D219A}.Release|x64.ActiveCfg = Release|Any CPU
		{E9E82060-784D-48C9-9314-3598E71D219A}.Release|x64.Build.0 = Release|Any CPU
		{E9E82060-784D-48C9-9314-3598E71D219A}.Release|x86.ActiveCfg = Release|Any CPU
		{E9E82060-784D-48C9-9314-3598E71D219A}.Release|x86.Build.0 = Release|Any CPU
		{50636F85-9665-42ED-8BC9-7159B56A9742}.Debug|Any CPU.ActiveCfg = Debug|Any CPU
		{50636F85-9665-42ED-8BC9-7159B56A9742}.Debug|Any CPU.Build.0 = Debug|Any CPU
		{50636F85-9665-42ED-8BC9-7159B56A9742}.Debug|x64.ActiveCfg = Debug|Any CPU
		{50636F85-9665-42ED-8BC9-7159B56A9742}.Debug|x64.Build.0 = Debug|Any CPU
		{50636F85-9665-42ED-8BC9-7159B56A9742}.Debug|x86.ActiveCfg = Debug|Any CPU
		{50636F85-9665-42ED-8BC9-7159B56A9742}.Debug|x86.Build.0 = Debug|Any CPU
		{50636F85-9665-42ED-8BC9-7159B56A9742}.Release|Any CPU.ActiveCfg = Release|Any CPU
		{50636F85-9665-42ED-8BC9-7159B56A9742}.Release|Any CPU.Build.0 = Release|Any CPU
		{50636F85-9665-42ED-8BC9-7159B56A9742}.Release|x64.ActiveCfg = Release|Any CPU
		{50636F85-9665-42ED-8BC9-7159B56A9742}.Release|x64.Build.0 = Release|Any CPU
		{50636F85-9665-42ED-8BC9-7159B56A9742}.Release|x86.ActiveCfg = Release|Any CPU
		{50636F85-9665-42ED-8BC9-7159B56A9742}.Release|x86.Build.0 = Release|Any CPU
		{F1FABED7-1CD1-40ED-B4C9-8233B0391141}.Debug|Any CPU.ActiveCfg = Debug|Any CPU
		{F1FABED7-1CD1-40ED-B4C9-8233B0391141}.Debug|Any CPU.Build.0 = Debug|Any CPU
		{F1FABED7-1CD1-40ED-B4C9-8233B0391141}.Debug|x64.ActiveCfg = Debug|Any CPU
		{F1FABED7-1CD1-40ED-B4C9-8233B0391141}.Debug|x64.Build.0 = Debug|Any CPU
		{F1FABED7-1CD1-40ED-B4C9-8233B0391141}.Debug|x86.ActiveCfg = Debug|Any CPU
		{F1FABED7-1CD1-40ED-B4C9-8233B0391141}.Debug|x86.Build.0 = Debug|Any CPU
		{F1FABED7-1CD1-40ED-B4C9-8233B0391141}.Release|Any CPU.ActiveCfg = Release|Any CPU
		{F1FABED7-1CD1-40ED-B4C9-8233B0391141}.Release|Any CPU.Build.0 = Release|Any CPU
		{F1FABED7-1CD1-40ED-B4C9-8233B0391141}.Release|x64.ActiveCfg = Release|Any CPU
		{F1FABED7-1CD1-40ED-B4C9-8233B0391141}.Release|x64.Build.0 = Release|Any CPU
		{F1FABED7-1CD1-40ED-B4C9-8233B0391141}.Release|x86.ActiveCfg = Release|Any CPU
		{F1FABED7-1CD1-40ED-B4C9-8233B0391141}.Release|x86.Build.0 = Release|Any CPU
	EndGlobalSection
	GlobalSection(SolutionProperties) = preSolution
		HideSolutionNode = FALSE
	EndGlobalSection
	GlobalSection(NestedProjects) = preSolution
		{F8392668-CFEC-4792-9F0E-8DB4E0308D96} = {830A30DD-0507-4DEF-AA76-E9497EB05C0D}
		{69D074D3-45C1-45F1-AA28-DA7641D986CB} = {830A30DD-0507-4DEF-AA76-E9497EB05C0D}
		{A76A5514-BD31-4649-BE9B-D76FAE6BDCE6} = {830A30DD-0507-4DEF-AA76-E9497EB05C0D}
		{09D7F2D7-A702-4702-A4A5-8A93DD2E513C} = {830A30DD-0507-4DEF-AA76-E9497EB05C0D}
		{FA101DD4-1388-4692-9267-7802AA4CB201} = {830A30DD-0507-4DEF-AA76-E9497EB05C0D}
		{243D6DEA-3761-4ED8-9847-F40F7E20970A} = {830A30DD-0507-4DEF-AA76-E9497EB05C0D}
		{56C10172-9429-4AA6-A9DE-FB7D81F28F86} = {830A30DD-0507-4DEF-AA76-E9497EB05C0D}
		{F2194B32-2320-44AC-9D6E-CC654701A81A} = {830A30DD-0507-4DEF-AA76-E9497EB05C0D}
		{85F42804-4F4E-4808-B622-2C0EB123B743} = {830A30DD-0507-4DEF-AA76-E9497EB05C0D}
		{EADA1A5D-3F54-4CE6-B8CC-2A18AEA41382} = {830A30DD-0507-4DEF-AA76-E9497EB05C0D}
		{AC4C15FB-CCC9-4C5A-BC07-E9006427A6F8} = {830A30DD-0507-4DEF-AA76-E9497EB05C0D}
		{0A91D95A-9F80-4582-8968-61B2E9BE61A3} = {830A30DD-0507-4DEF-AA76-E9497EB05C0D}
		{50432079-92F2-45AC-8B33-3F0361DC9310} = {830A30DD-0507-4DEF-AA76-E9497EB05C0D}
		{0797DF9F-41C4-4EDC-B575-3C7884D74557} = {830A30DD-0507-4DEF-AA76-E9497EB05C0D}
		{53847361-C558-4221-817E-208C08F91566} = {830A30DD-0507-4DEF-AA76-E9497EB05C0D}
		{81E61F40-9D46-4765-82EB-D6AB6346B885} = {830A30DD-0507-4DEF-AA76-E9497EB05C0D}
		{89045487-A534-42A2-BE0D-F575C1D8B4D4} = {830A30DD-0507-4DEF-AA76-E9497EB05C0D}
		{3B83B1F7-6232-491B-93F0-2421EE3DEA79} = {830A30DD-0507-4DEF-AA76-E9497EB05C0D}
		{A46EB570-F12B-4F96-9878-484B20FA8A2A} = {830A30DD-0507-4DEF-AA76-E9497EB05C0D}
		{BED034A2-EB86-409C-92FB-140151EDDC0F} = {830A30DD-0507-4DEF-AA76-E9497EB05C0D}
		{27C84814-57A4-4931-B792-1894C50E4D6B} = {830A30DD-0507-4DEF-AA76-E9497EB05C0D}
		{9C4CE823-76D8-4D88-9D21-B6A917F1EFEB} = {830A30DD-0507-4DEF-AA76-E9497EB05C0D}
		{B8280552-8EF0-4D93-9097-0D8D8FE8FC56} = {830A30DD-0507-4DEF-AA76-E9497EB05C0D}
		{85485C80-BB14-4FE4-B5B7-A0639F57D3D2} = {830A30DD-0507-4DEF-AA76-E9497EB05C0D}
		{7B9D6F18-5AE9-4B13-8E60-C8CB40F71506} = {830A30DD-0507-4DEF-AA76-E9497EB05C0D}
		{38F9AF9F-D770-41DD-9240-314AD7909FB0} = {830A30DD-0507-4DEF-AA76-E9497EB05C0D}
		{0F2C3FE4-F501-416B-A41F-9645B7E6769B} = {830A30DD-0507-4DEF-AA76-E9497EB05C0D}
		{49F263C8-00FA-4604-9579-2298CAA9007E} = {830A30DD-0507-4DEF-AA76-E9497EB05C0D}
		{4D016DCB-338D-4BEF-A79F-EA70EDD2349C} = {830A30DD-0507-4DEF-AA76-E9497EB05C0D}
		{2696BFC8-C23B-4040-914F-F5369ECAA14A} = {830A30DD-0507-4DEF-AA76-E9497EB05C0D}
		{B1A582F3-7DD6-4A7D-9CD9-561310FA19A3} = {830A30DD-0507-4DEF-AA76-E9497EB05C0D}
		{FDD3F132-7AD4-48A7-9182-A7967C9FEF94} = {830A30DD-0507-4DEF-AA76-E9497EB05C0D}
		{FF44F2A9-BB62-4A30-B796-3AA71E364DA5} = {830A30DD-0507-4DEF-AA76-E9497EB05C0D}
		{E8532C27-D0D6-4DE4-B0C9-D41C58AC1CDE} = {830A30DD-0507-4DEF-AA76-E9497EB05C0D}
		{E2D46518-4E3C-41EA-B87B-C1104ADB14E1} = {830A30DD-0507-4DEF-AA76-E9497EB05C0D}
		{3228E7DC-AA72-43AE-8E56-43349AE7A235} = {830A30DD-0507-4DEF-AA76-E9497EB05C0D}
		{5F1CF427-2243-4ADE-BE0F-BE172E1E6399} = {830A30DD-0507-4DEF-AA76-E9497EB05C0D}
		{8290C632-31A3-451D-B18E-8EA1BC08157C} = {830A30DD-0507-4DEF-AA76-E9497EB05C0D}
		{12EFBB12-3B98-410E-B9F4-C9206A9FC70A} = {830A30DD-0507-4DEF-AA76-E9497EB05C0D}
		{E7B19A53-4559-4C00-857F-20D217D849BA} = {830A30DD-0507-4DEF-AA76-E9497EB05C0D}
		{34AB13FF-AA6A-4D01-AFC3-A73C54CF8B40} = {830A30DD-0507-4DEF-AA76-E9497EB05C0D}
		{C4A6C1AE-082C-4943-AA58-16AA69D5DA7D} = {830A30DD-0507-4DEF-AA76-E9497EB05C0D}
		{7D225EB1-0C5D-4AC8-95A4-747A62201C8C} = {830A30DD-0507-4DEF-AA76-E9497EB05C0D}
		{6CD93F1F-DE3B-4BB9-89B5-BF674544EE7F} = {830A30DD-0507-4DEF-AA76-E9497EB05C0D}
		{7C12DD41-3D80-4217-B0F0-FE5EB45634F4} = {830A30DD-0507-4DEF-AA76-E9497EB05C0D}
		{3602DA5F-0FB4-4DF7-9AE5-C1BBD49AE462} = {830A30DD-0507-4DEF-AA76-E9497EB05C0D}
		{0B2086EF-2761-49B6-8BE3-FC9073901A6B} = {830A30DD-0507-4DEF-AA76-E9497EB05C0D}
		{8AF9D42B-C1A0-4F43-BD83-C1E4CB29006B} = {830A30DD-0507-4DEF-AA76-E9497EB05C0D}
		{B2CF0A2A-5329-42CD-9209-06490A3EF824} = {830A30DD-0507-4DEF-AA76-E9497EB05C0D}
		{CD32C850-81CE-41F4-AAC8-183DAC310676} = {830A30DD-0507-4DEF-AA76-E9497EB05C0D}
		{7DF38318-7B5E-4AC5-8545-DDED5756C96D} = {830A30DD-0507-4DEF-AA76-E9497EB05C0D}
		{D9F8D0A1-2592-4919-AA94-196B2CBD72C6} = {830A30DD-0507-4DEF-AA76-E9497EB05C0D}
		{04859A88-10C8-4EBA-8903-0C86107BBCC7} = {830A30DD-0507-4DEF-AA76-E9497EB05C0D}
		{4887731D-9C9B-4AA2-8E81-14992717F4EE} = {830A30DD-0507-4DEF-AA76-E9497EB05C0D}
		{E9E82060-784D-48C9-9314-3598E71D219A} = {830A30DD-0507-4DEF-AA76-E9497EB05C0D}
		{F1FABED7-1CD1-40ED-B4C9-8233B0391141} = {830A30DD-0507-4DEF-AA76-E9497EB05C0D}
	EndGlobalSection
	GlobalSection(ExtensibilityGlobals) = postSolution
		SolutionGuid = {E2D2A154-9097-4136-AA9A-14D1C110065F}
	EndGlobalSection
EndGlobal
